{
  "version": 1,
  "dependencies": {
    "net7.0": {
      "Silk.NET.Core": {
        "type": "Direct",
        "requested": "[2.18.0, )",
        "resolved": "2.18.0",
        "contentHash": "KUxkzbn2jFUFQf/rXOBJ3JDmPKNioqrXMQS3c0NtzV7V/po74HYa08BMsSImRYl/5yPtwo1ArPM9IIdKupYo+A==",
        "dependencies": {
          "Microsoft.CSharp": "4.7.0",
          "Microsoft.DotNet.PlatformAbstractions": "3.1.6",
          "Microsoft.Extensions.DependencyModel": "7.0.0",
          "System.Memory": "4.5.5",
          "System.Numerics.Vectors": "4.5.0",
          "System.Runtime.CompilerServices.Unsafe": "6.0.0"
        }
      },
      "Microsoft.CSharp": {
        "type": "Transitive",
        "resolved": "4.7.0",
        "contentHash": "pTj+D3uJWyN3My70i2Hqo+OXixq3Os2D1nJ2x92FFo6sk8fYS1m1WLNTs0Dc1uPaViH0YvEEwvzddQ7y4rhXmA=="
      },
      "Microsoft.DotNet.PlatformAbstractions": {
        "type": "Transitive",
        "resolved": "3.1.6",
        "contentHash": "jek4XYaQ/PGUwDKKhwR8K47Uh1189PFzMeLqO83mXrXQVIpARZCcfuDedH50YDTepBkfijCZN5U/vZi++erxtg=="
      },
      "Microsoft.Extensions.DependencyModel": {
        "type": "Transitive",
        "resolved": "7.0.0",
        "contentHash": "oONNYd71J3LzkWc4fUHl3SvMfiQMYUCo/mDHDEu76hYYxdhdrPYv6fvGv9nnKVyhE9P0h20AU8RZB5OOWQcAXg==",
        "dependencies": {
          "System.Text.Encodings.Web": "7.0.0",
          "System.Text.Json": "7.0.0"
        }
      },
      "System.Memory": {
        "type": "Transitive",
        "resolved": "4.5.5",
        "contentHash": "XIWiDvKPXaTveaB7HVganDlOCRoj03l+jrwNvcge/t8vhGYKvqV+dMv6G4SAX2NoNmN0wZfVPTAlFwZcZvVOUw=="
      },
      "System.Numerics.Vectors": {
        "type": "Transitive",
        "resolved": "4.5.0",
        "contentHash": "QQTlPTl06J/iiDbJCiepZ4H//BVraReU4O4EoRw1U02H5TLUIT7xn3GnDp9AXPSlJUDyFs4uWjWafNX6WrAojQ=="
      },
      "System.Runtime.CompilerServices.Unsafe": {
        "type": "Transitive",
        "resolved": "6.0.0",
        "contentHash": "/iUeP3tq1S0XdNNoMz5C9twLSrM/TH+qElHkXWaPvuNOt+99G75NrV0OS2EqHx5wMN7popYjpc8oTjC1y16DLg=="
      },
      "System.Text.Encodings.Web": {
        "type": "Transitive",
        "resolved": "7.0.0",
        "contentHash": "OP6umVGxc0Z0MvZQBVigj4/U31Pw72ITihDWP9WiWDm+q5aoe0GaJivsfYGq53o6dxH7DcXWiCTl7+0o2CGdmg=="
      },
      "System.Text.Json": {
        "type": "Transitive",
        "resolved": "7.0.0",
        "contentHash": "DaGSsVqKsn/ia6RG8frjwmJonfos0srquhw09TlT8KRw5I43E+4gs+/bZj4K0vShJ5H9imCuXupb4RmS+dBy3w==",
        "dependencies": {
          "System.Text.Encodings.Web": "7.0.0"
        }
      }
    }
  }
}