
Microsoft Visual Studio Solution File, Format Version 12.00
# Visual Studio Version 17
VisualStudioVersion = 17.0.31912.275
MinimumVisualStudioVersion = 10.0.40219.1
Project("{2150E333-8FDC-42A3-9474-1A3956D46DE8}") = "Solution Items", "Solution Items", "{020790E4-331B-495A-9969-622744721A32}"
	ProjectSection(SolutionItems) = preProject
		.editorconfig = .editorconfig
		.gitignore = .gitignore
		.github\dependabot.yml = .github\dependabot.yml
		.github\funding.yml = .github\funding.yml
		docs\Index.html = docs\Index.html
		LICENSE = LICENSE
		README.md = README.md
		_config.yml = _config.yml
	EndProjectSection
EndProject
Project("{2150E333-8FDC-42A3-9474-1A3956D46DE8}") = "Toolset", "Toolset", "{A6E7A581-04EF-4B7D-949F-D3E224D86535}"
EndProject
Project("{2150E333-8FDC-42A3-9474-1A3956D46DE8}") = "Engine - Android", "Engine - Android", "{7BD8F3B9-15EB-4FEF-B51E-083E34D62675}"
EndProject
Project("{2150E333-8FDC-42A3-9474-1A3956D46DE8}") = "Engine - Windows", "Engine - Windows", "{940AA3BE-1CDB-4EFC-B811-6FA4D0562AB3}"
EndProject
Project("{2150E333-8FDC-42A3-9474-1A3956D46DE8}") = "Engine", "Engine", "{08C33000-FBC9-4CF3-999C-B660E5241453}"
EndProject
Project("{2150E333-8FDC-42A3-9474-1A3956D46DE8}") = "Graphics", "Graphics", "{0DBE30A6-8BCF-4916-AB5B-335ED3A3CD2B}"
EndProject
Project("{9A19103F-16F7-4668-BE54-9A1E7A4F7556}") = "Molten.Math", "Molten.Math\Molten.Math.csproj", "{EDB27415-2D72-4908-A7D9-3F2C0474F952}"
EndProject
Project("{9A19103F-16F7-4668-BE54-9A1E7A4F7556}") = "Molten.Utility", "Molten.Utility\Molten.Utility.csproj", "{325F0AB2-FC2B-4D36-88D2-E70543E1D188}"
EndProject
Project("{9A19103F-16F7-4668-BE54-9A1E7A4F7556}") = "Molten.Graphics.DXGI", "Molten.Graphics.DXGI\Molten.Graphics.DXGI.csproj", "{B2086B80-7DC3-41D8-BAE4-7359FB04BC3A}"
EndProject
Project("{9A19103F-16F7-4668-BE54-9A1E7A4F7556}") = "Molten.Engine", "Molten.Engine\Molten.Engine.csproj", "{DAB04699-0FDA-44F0-A5FD-FD9128D5CA0D}"
EndProject
Project("{9A19103F-16F7-4668-BE54-9A1E7A4F7556}") = "Molten.Graphics.DX11", "Molten.Graphics.DX11\Molten.Graphics.DX11.csproj", "{D58134DD-2CA1-4417-8880-00A3F27DFDB5}"
EndProject
Project("{2150E333-8FDC-42A3-9474-1A3956D46DE8}") = "Libraries", "Libraries", "{F1558767-164F-4FAF-A49A-F3E7E28D267C}"
	ProjectSection(SolutionItems) = preProject
		Libraries\Windows\dxcompiler.dll = Libraries\Windows\dxcompiler.dll
	EndProjectSection
EndProject
Project("{9A19103F-16F7-4668-BE54-9A1E7A4F7556}") = "Molten.Graphics.DXC", "Molten.Graphics.DXC\Molten.Graphics.DXC.csproj", "{834B9685-B0BD-4CD9-A60C-7A4217CD85AD}"
EndProject
Project("{9A19103F-16F7-4668-BE54-9A1E7A4F7556}") = "Molten.Engine.Android", "Molten.Engine.Android\Molten.Engine.Android.csproj", "{B2F153C0-D823-4ADE-8376-ACA8657E2323}"
EndProject
Project("{9A19103F-16F7-4668-BE54-9A1E7A4F7556}") = "Molten.Engine.Windows", "Molten.Engine.Windows\Molten.Engine.Windows.csproj", "{3B290499-4DD3-487B-8CA2-A4169FC69C3C}"
EndProject
Project("{2150E333-8FDC-42A3-9474-1A3956D46DE8}") = "CI", "CI", "{6E72C37A-1919-4843-B2B3-E0ED74C7EFB5}"
	ProjectSection(SolutionItems) = preProject
		.github\workflows\build.yml = .github\workflows\build.yml
	EndProjectSection
EndProject
Project("{9A19103F-16F7-4668-BE54-9A1E7A4F7556}") = "Molten.Audio.OpenAL", "Molten.Audio.OpenAL\Molten.Audio.OpenAL.csproj", "{0476DF39-B5A9-42B4-86E8-F7BB50832FA0}"
EndProject
Project("{9A19103F-16F7-4668-BE54-9A1E7A4F7556}") = "Molten.Examples.Common", "Molten.Examples.Common\Molten.Examples.Common.csproj", "{BCD4DD20-054B-477D-A38D-FB7662C8C504}"
EndProject
Project("{9A19103F-16F7-4668-BE54-9A1E7A4F7556}") = "Molten.Examples.Desktop.Windows", "Molten.Examples.Desktop.Windows\Molten.Examples.Desktop.Windows.csproj", "{6A5C9194-584A-4605-9E00-DB245188431B}"
EndProject
Project("{9A19103F-16F7-4668-BE54-9A1E7A4F7556}") = "Molten.Benchmarks", "Molten.Benchmarks\Molten.Benchmarks.csproj", "{DF7DD353-D95E-4B29-A7E3-147AA39800E6}"
EndProject
Project("{9A19103F-16F7-4668-BE54-9A1E7A4F7556}") = "Molten.Graphics.Vulkan", "Molten.Graphics.Vulkan\Molten.Graphics.Vulkan.csproj", "{640AAF55-92F0-478C-8A81-EA13F9AF6B35}"
EndProject
Project("{9A19103F-16F7-4668-BE54-9A1E7A4F7556}") = "Molten.Graphics.DX12", "Molten.Graphics.DX12\Molten.Graphics.DX12.csproj", "{037B4625-B4FF-40E3-8EF2-DA240FB3953F}"
EndProject
Project("{2150E333-8FDC-42A3-9474-1A3956D46DE8}") = "SourceGeneration", "SourceGeneration", "{A90C25E9-46FA-41FB-9FAC-DFC9F146F784}"
EndProject
Global
	GlobalSection(SolutionConfigurationPlatforms) = preSolution
		Android_Debug|Any CPU = Android_Debug|Any CPU
		Android_Debug|x64 = Android_Debug|x64
		Android_Debug|x86 = Android_Debug|x86
		Android_Release|Any CPU = Android_Release|Any CPU
		Android_Release|x64 = Android_Release|x64
		Android_Release|x86 = Android_Release|x86
		Benchmarks|Any CPU = Benchmarks|Any CPU
		Benchmarks|x64 = Benchmarks|x64
		Benchmarks|x86 = Benchmarks|x86
		Debug|Any CPU = Debug|Any CPU
		Debug|x64 = Debug|x64
		Debug|x86 = Debug|x86
		Release|Any CPU = Release|Any CPU
		Release|x64 = Release|x64
		Release|x86 = Release|x86
	EndGlobalSection
	GlobalSection(ProjectConfigurationPlatforms) = postSolution
		{EDB27415-2D72-4908-A7D9-3F2C0474F952}.Android_Debug|Any CPU.ActiveCfg = Debug|Any CPU
		{EDB27415-2D72-4908-A7D9-3F2C0474F952}.Android_Debug|Any CPU.Build.0 = Debug|Any CPU
		{EDB27415-2D72-4908-A7D9-3F2C0474F952}.Android_Debug|x64.ActiveCfg = Debug|Any CPU
		{EDB27415-2D72-4908-A7D9-3F2C0474F952}.Android_Debug|x64.Build.0 = Debug|Any CPU
		{EDB27415-2D72-4908-A7D9-3F2C0474F952}.Android_Debug|x86.ActiveCfg = Debug|Any CPU
		{EDB27415-2D72-4908-A7D9-3F2C0474F952}.Android_Debug|x86.Build.0 = Debug|Any CPU
		{EDB27415-2D72-4908-A7D9-3F2C0474F952}.Android_Release|Any CPU.ActiveCfg = Release|Any CPU
		{EDB27415-2D72-4908-A7D9-3F2C0474F952}.Android_Release|Any CPU.Build.0 = Release|Any CPU
		{EDB27415-2D72-4908-A7D9-3F2C0474F952}.Android_Release|x64.ActiveCfg = Release|Any CPU
		{EDB27415-2D72-4908-A7D9-3F2C0474F952}.Android_Release|x64.Build.0 = Release|Any CPU
		{EDB27415-2D72-4908-A7D9-3F2C0474F952}.Android_Release|x86.ActiveCfg = Release|Any CPU
		{EDB27415-2D72-4908-A7D9-3F2C0474F952}.Android_Release|x86.Build.0 = Release|Any CPU
		{EDB27415-2D72-4908-A7D9-3F2C0474F952}.Benchmarks|Any CPU.ActiveCfg = Release|Any CPU
		{EDB27415-2D72-4908-A7D9-3F2C0474F952}.Benchmarks|Any CPU.Build.0 = Release|Any CPU
		{EDB27415-2D72-4908-A7D9-3F2C0474F952}.Benchmarks|x64.ActiveCfg = Release|Any CPU
		{EDB27415-2D72-4908-A7D9-3F2C0474F952}.Benchmarks|x64.Build.0 = Release|Any CPU
		{EDB27415-2D72-4908-A7D9-3F2C0474F952}.Benchmarks|x86.ActiveCfg = Release|Any CPU
		{EDB27415-2D72-4908-A7D9-3F2C0474F952}.Benchmarks|x86.Build.0 = Release|Any CPU
		{EDB27415-2D72-4908-A7D9-3F2C0474F952}.Debug|Any CPU.ActiveCfg = Debug|Any CPU
		{EDB27415-2D72-4908-A7D9-3F2C0474F952}.Debug|Any CPU.Build.0 = Debug|Any CPU
		{EDB27415-2D72-4908-A7D9-3F2C0474F952}.Debug|x64.ActiveCfg = Debug|Any CPU
		{EDB27415-2D72-4908-A7D9-3F2C0474F952}.Debug|x64.Build.0 = Debug|Any CPU
		{EDB27415-2D72-4908-A7D9-3F2C0474F952}.Debug|x86.ActiveCfg = Debug|Any CPU
		{EDB27415-2D72-4908-A7D9-3F2C0474F952}.Debug|x86.Build.0 = Debug|Any CPU
		{EDB27415-2D72-4908-A7D9-3F2C0474F952}.Release|Any CPU.ActiveCfg = Release|Any CPU
		{EDB27415-2D72-4908-A7D9-3F2C0474F952}.Release|Any CPU.Build.0 = Release|Any CPU
		{EDB27415-2D72-4908-A7D9-3F2C0474F952}.Release|x64.ActiveCfg = Release|Any CPU
		{EDB27415-2D72-4908-A7D9-3F2C0474F952}.Release|x64.Build.0 = Release|Any CPU
		{EDB27415-2D72-4908-A7D9-3F2C0474F952}.Release|x86.ActiveCfg = Release|Any CPU
		{EDB27415-2D72-4908-A7D9-3F2C0474F952}.Release|x86.Build.0 = Release|Any CPU
		{325F0AB2-FC2B-4D36-88D2-E70543E1D188}.Android_Debug|Any CPU.ActiveCfg = Debug|Any CPU
		{325F0AB2-FC2B-4D36-88D2-E70543E1D188}.Android_Debug|Any CPU.Build.0 = Debug|Any CPU
		{325F0AB2-FC2B-4D36-88D2-E70543E1D188}.Android_Debug|x64.ActiveCfg = Debug|Any CPU
		{325F0AB2-FC2B-4D36-88D2-E70543E1D188}.Android_Debug|x64.Build.0 = Debug|Any CPU
		{325F0AB2-FC2B-4D36-88D2-E70543E1D188}.Android_Debug|x86.ActiveCfg = Debug|Any CPU
		{325F0AB2-FC2B-4D36-88D2-E70543E1D188}.Android_Debug|x86.Build.0 = Debug|Any CPU
		{325F0AB2-FC2B-4D36-88D2-E70543E1D188}.Android_Release|Any CPU.ActiveCfg = Release|Any CPU
		{325F0AB2-FC2B-4D36-88D2-E70543E1D188}.Android_Release|Any CPU.Build.0 = Release|Any CPU
		{325F0AB2-FC2B-4D36-88D2-E70543E1D188}.Android_Release|x64.ActiveCfg = Release|Any CPU
		{325F0AB2-FC2B-4D36-88D2-E70543E1D188}.Android_Release|x64.Build.0 = Release|Any CPU
		{325F0AB2-FC2B-4D36-88D2-E70543E1D188}.Android_Release|x86.ActiveCfg = Release|Any CPU
		{325F0AB2-FC2B-4D36-88D2-E70543E1D188}.Android_Release|x86.Build.0 = Release|Any CPU
		{325F0AB2-FC2B-4D36-88D2-E70543E1D188}.Benchmarks|Any CPU.ActiveCfg = Release|Any CPU
		{325F0AB2-FC2B-4D36-88D2-E70543E1D188}.Benchmarks|Any CPU.Build.0 = Release|Any CPU
		{325F0AB2-FC2B-4D36-88D2-E70543E1D188}.Benchmarks|x64.ActiveCfg = Release|Any CPU
		{325F0AB2-FC2B-4D36-88D2-E70543E1D188}.Benchmarks|x64.Build.0 = Release|Any CPU
		{325F0AB2-FC2B-4D36-88D2-E70543E1D188}.Benchmarks|x86.ActiveCfg = Release|Any CPU
		{325F0AB2-FC2B-4D36-88D2-E70543E1D188}.Benchmarks|x86.Build.0 = Release|Any CPU
		{325F0AB2-FC2B-4D36-88D2-E70543E1D188}.Debug|Any CPU.ActiveCfg = Debug|Any CPU
		{325F0AB2-FC2B-4D36-88D2-E70543E1D188}.Debug|Any CPU.Build.0 = Debug|Any CPU
		{325F0AB2-FC2B-4D36-88D2-E70543E1D188}.Debug|x64.ActiveCfg = Debug|Any CPU
		{325F0AB2-FC2B-4D36-88D2-E70543E1D188}.Debug|x64.Build.0 = Debug|Any CPU
		{325F0AB2-FC2B-4D36-88D2-E70543E1D188}.Debug|x86.ActiveCfg = Debug|Any CPU
		{325F0AB2-FC2B-4D36-88D2-E70543E1D188}.Debug|x86.Build.0 = Debug|Any CPU
		{325F0AB2-FC2B-4D36-88D2-E70543E1D188}.Release|Any CPU.ActiveCfg = Release|Any CPU
		{325F0AB2-FC2B-4D36-88D2-E70543E1D188}.Release|Any CPU.Build.0 = Release|Any CPU
		{325F0AB2-FC2B-4D36-88D2-E70543E1D188}.Release|x64.ActiveCfg = Release|Any CPU
		{325F0AB2-FC2B-4D36-88D2-E70543E1D188}.Release|x64.Build.0 = Release|Any CPU
		{325F0AB2-FC2B-4D36-88D2-E70543E1D188}.Release|x86.ActiveCfg = Release|Any CPU
		{325F0AB2-FC2B-4D36-88D2-E70543E1D188}.Release|x86.Build.0 = Release|Any CPU
		{B2086B80-7DC3-41D8-BAE4-7359FB04BC3A}.Android_Debug|Any CPU.ActiveCfg = Debug|Any CPU
		{B2086B80-7DC3-41D8-BAE4-7359FB04BC3A}.Android_Debug|x64.ActiveCfg = Debug|Any CPU
		{B2086B80-7DC3-41D8-BAE4-7359FB04BC3A}.Android_Debug|x86.ActiveCfg = Debug|Any CPU
		{B2086B80-7DC3-41D8-BAE4-7359FB04BC3A}.Android_Debug|x86.Build.0 = Debug|Any CPU
		{B2086B80-7DC3-41D8-BAE4-7359FB04BC3A}.Android_Release|Any CPU.ActiveCfg = Release|Any CPU
		{B2086B80-7DC3-41D8-BAE4-7359FB04BC3A}.Android_Release|x64.ActiveCfg = Release|Any CPU
		{B2086B80-7DC3-41D8-BAE4-7359FB04BC3A}.Android_Release|x86.ActiveCfg = Release|Any CPU
		{B2086B80-7DC3-41D8-BAE4-7359FB04BC3A}.Android_Release|x86.Build.0 = Release|Any CPU
		{B2086B80-7DC3-41D8-BAE4-7359FB04BC3A}.Benchmarks|Any CPU.ActiveCfg = Release|Any CPU
		{B2086B80-7DC3-41D8-BAE4-7359FB04BC3A}.Benchmarks|Any CPU.Build.0 = Release|Any CPU
		{B2086B80-7DC3-41D8-BAE4-7359FB04BC3A}.Benchmarks|x64.ActiveCfg = Release|Any CPU
		{B2086B80-7DC3-41D8-BAE4-7359FB04BC3A}.Benchmarks|x64.Build.0 = Release|Any CPU
		{B2086B80-7DC3-41D8-BAE4-7359FB04BC3A}.Benchmarks|x86.ActiveCfg = Release|Any CPU
		{B2086B80-7DC3-41D8-BAE4-7359FB04BC3A}.Benchmarks|x86.Build.0 = Release|Any CPU
		{B2086B80-7DC3-41D8-BAE4-7359FB04BC3A}.Debug|Any CPU.ActiveCfg = Debug|Any CPU
		{B2086B80-7DC3-41D8-BAE4-7359FB04BC3A}.Debug|Any CPU.Build.0 = Debug|Any CPU
		{B2086B80-7DC3-41D8-BAE4-7359FB04BC3A}.Debug|x64.ActiveCfg = Debug|Any CPU
		{B2086B80-7DC3-41D8-BAE4-7359FB04BC3A}.Debug|x64.Build.0 = Debug|Any CPU
		{B2086B80-7DC3-41D8-BAE4-7359FB04BC3A}.Debug|x86.ActiveCfg = Debug|Any CPU
		{B2086B80-7DC3-41D8-BAE4-7359FB04BC3A}.Debug|x86.Build.0 = Debug|Any CPU
		{B2086B80-7DC3-41D8-BAE4-7359FB04BC3A}.Release|Any CPU.ActiveCfg = Release|Any CPU
		{B2086B80-7DC3-41D8-BAE4-7359FB04BC3A}.Release|Any CPU.Build.0 = Release|Any CPU
		{B2086B80-7DC3-41D8-BAE4-7359FB04BC3A}.Release|x64.ActiveCfg = Release|Any CPU
		{B2086B80-7DC3-41D8-BAE4-7359FB04BC3A}.Release|x64.Build.0 = Release|Any CPU
		{B2086B80-7DC3-41D8-BAE4-7359FB04BC3A}.Release|x86.ActiveCfg = Release|Any CPU
		{B2086B80-7DC3-41D8-BAE4-7359FB04BC3A}.Release|x86.Build.0 = Release|Any CPU
		{DAB04699-0FDA-44F0-A5FD-FD9128D5CA0D}.Android_Debug|Any CPU.ActiveCfg = Debug|Any CPU
		{DAB04699-0FDA-44F0-A5FD-FD9128D5CA0D}.Android_Debug|Any CPU.Build.0 = Debug|Any CPU
		{DAB04699-0FDA-44F0-A5FD-FD9128D5CA0D}.Android_Debug|x64.ActiveCfg = Debug|Any CPU
		{DAB04699-0FDA-44F0-A5FD-FD9128D5CA0D}.Android_Debug|x64.Build.0 = Debug|Any CPU
		{DAB04699-0FDA-44F0-A5FD-FD9128D5CA0D}.Android_Debug|x86.ActiveCfg = Debug|Any CPU
		{DAB04699-0FDA-44F0-A5FD-FD9128D5CA0D}.Android_Debug|x86.Build.0 = Debug|Any CPU
		{DAB04699-0FDA-44F0-A5FD-FD9128D5CA0D}.Android_Release|Any CPU.ActiveCfg = Release|Any CPU
		{DAB04699-0FDA-44F0-A5FD-FD9128D5CA0D}.Android_Release|Any CPU.Build.0 = Release|Any CPU
		{DAB04699-0FDA-44F0-A5FD-FD9128D5CA0D}.Android_Release|x64.ActiveCfg = Release|Any CPU
		{DAB04699-0FDA-44F0-A5FD-FD9128D5CA0D}.Android_Release|x64.Build.0 = Release|Any CPU
		{DAB04699-0FDA-44F0-A5FD-FD9128D5CA0D}.Android_Release|x86.ActiveCfg = Release|Any CPU
		{DAB04699-0FDA-44F0-A5FD-FD9128D5CA0D}.Android_Release|x86.Build.0 = Release|Any CPU
		{DAB04699-0FDA-44F0-A5FD-FD9128D5CA0D}.Benchmarks|Any CPU.ActiveCfg = Release|Any CPU
		{DAB04699-0FDA-44F0-A5FD-FD9128D5CA0D}.Benchmarks|Any CPU.Build.0 = Release|Any CPU
		{DAB04699-0FDA-44F0-A5FD-FD9128D5CA0D}.Benchmarks|x64.ActiveCfg = Release|Any CPU
		{DAB04699-0FDA-44F0-A5FD-FD9128D5CA0D}.Benchmarks|x64.Build.0 = Release|Any CPU
		{DAB04699-0FDA-44F0-A5FD-FD9128D5CA0D}.Benchmarks|x86.ActiveCfg = Release|Any CPU
		{DAB04699-0FDA-44F0-A5FD-FD9128D5CA0D}.Benchmarks|x86.Build.0 = Release|Any CPU
		{DAB04699-0FDA-44F0-A5FD-FD9128D5CA0D}.Debug|Any CPU.ActiveCfg = Debug|Any CPU
		{DAB04699-0FDA-44F0-A5FD-FD9128D5CA0D}.Debug|Any CPU.Build.0 = Debug|Any CPU
		{DAB04699-0FDA-44F0-A5FD-FD9128D5CA0D}.Debug|x64.ActiveCfg = Debug|Any CPU
		{DAB04699-0FDA-44F0-A5FD-FD9128D5CA0D}.Debug|x64.Build.0 = Debug|Any CPU
		{DAB04699-0FDA-44F0-A5FD-FD9128D5CA0D}.Debug|x86.ActiveCfg = Debug|Any CPU
		{DAB04699-0FDA-44F0-A5FD-FD9128D5CA0D}.Debug|x86.Build.0 = Debug|Any CPU
		{DAB04699-0FDA-44F0-A5FD-FD9128D5CA0D}.Release|Any CPU.ActiveCfg = Release|Any CPU
		{DAB04699-0FDA-44F0-A5FD-FD9128D5CA0D}.Release|Any CPU.Build.0 = Release|Any CPU
		{DAB04699-0FDA-44F0-A5FD-FD9128D5CA0D}.Release|x64.ActiveCfg = Release|Any CPU
		{DAB04699-0FDA-44F0-A5FD-FD9128D5CA0D}.Release|x64.Build.0 = Release|Any CPU
		{DAB04699-0FDA-44F0-A5FD-FD9128D5CA0D}.Release|x86.ActiveCfg = Release|Any CPU
		{DAB04699-0FDA-44F0-A5FD-FD9128D5CA0D}.Release|x86.Build.0 = Release|Any CPU
		{D58134DD-2CA1-4417-8880-00A3F27DFDB5}.Android_Debug|Any CPU.ActiveCfg = Debug|Any CPU
		{D58134DD-2CA1-4417-8880-00A3F27DFDB5}.Android_Debug|x64.ActiveCfg = Debug|Any CPU
		{D58134DD-2CA1-4417-8880-00A3F27DFDB5}.Android_Debug|x86.ActiveCfg = Debug|Any CPU
		{D58134DD-2CA1-4417-8880-00A3F27DFDB5}.Android_Debug|x86.Build.0 = Debug|Any CPU
		{D58134DD-2CA1-4417-8880-00A3F27DFDB5}.Android_Release|Any CPU.ActiveCfg = Release|Any CPU
		{D58134DD-2CA1-4417-8880-00A3F27DFDB5}.Android_Release|x64.ActiveCfg = Release|Any CPU
		{D58134DD-2CA1-4417-8880-00A3F27DFDB5}.Android_Release|x86.ActiveCfg = Release|Any CPU
		{D58134DD-2CA1-4417-8880-00A3F27DFDB5}.Android_Release|x86.Build.0 = Release|Any CPU
		{D58134DD-2CA1-4417-8880-00A3F27DFDB5}.Benchmarks|Any CPU.ActiveCfg = Release|Any CPU
		{D58134DD-2CA1-4417-8880-00A3F27DFDB5}.Benchmarks|Any CPU.Build.0 = Release|Any CPU
		{D58134DD-2CA1-4417-8880-00A3F27DFDB5}.Benchmarks|x64.ActiveCfg = Release|Any CPU
		{D58134DD-2CA1-4417-8880-00A3F27DFDB5}.Benchmarks|x64.Build.0 = Release|Any CPU
		{D58134DD-2CA1-4417-8880-00A3F27DFDB5}.Benchmarks|x86.ActiveCfg = Release|Any CPU
		{D58134DD-2CA1-4417-8880-00A3F27DFDB5}.Benchmarks|x86.Build.0 = Release|Any CPU
		{D58134DD-2CA1-4417-8880-00A3F27DFDB5}.Debug|Any CPU.ActiveCfg = Debug|Any CPU
		{D58134DD-2CA1-4417-8880-00A3F27DFDB5}.Debug|Any CPU.Build.0 = Debug|Any CPU
		{D58134DD-2CA1-4417-8880-00A3F27DFDB5}.Debug|x64.ActiveCfg = Debug|Any CPU
		{D58134DD-2CA1-4417-8880-00A3F27DFDB5}.Debug|x64.Build.0 = Debug|Any CPU
		{D58134DD-2CA1-4417-8880-00A3F27DFDB5}.Debug|x86.ActiveCfg = Debug|Any CPU
		{D58134DD-2CA1-4417-8880-00A3F27DFDB5}.Debug|x86.Build.0 = Debug|Any CPU
		{D58134DD-2CA1-4417-8880-00A3F27DFDB5}.Release|Any CPU.ActiveCfg = Release|Any CPU
		{D58134DD-2CA1-4417-8880-00A3F27DFDB5}.Release|Any CPU.Build.0 = Release|Any CPU
		{D58134DD-2CA1-4417-8880-00A3F27DFDB5}.Release|x64.ActiveCfg = Release|Any CPU
		{D58134DD-2CA1-4417-8880-00A3F27DFDB5}.Release|x64.Build.0 = Release|Any CPU
		{D58134DD-2CA1-4417-8880-00A3F27DFDB5}.Release|x86.ActiveCfg = Release|Any CPU
		{D58134DD-2CA1-4417-8880-00A3F27DFDB5}.Release|x86.Build.0 = Release|Any CPU
		{834B9685-B0BD-4CD9-A60C-7A4217CD85AD}.Android_Debug|Any CPU.ActiveCfg = Debug|Any CPU
		{834B9685-B0BD-4CD9-A60C-7A4217CD85AD}.Android_Debug|Any CPU.Build.0 = Debug|Any CPU
		{834B9685-B0BD-4CD9-A60C-7A4217CD85AD}.Android_Debug|x64.ActiveCfg = Debug|Any CPU
		{834B9685-B0BD-4CD9-A60C-7A4217CD85AD}.Android_Debug|x64.Build.0 = Debug|Any CPU
		{834B9685-B0BD-4CD9-A60C-7A4217CD85AD}.Android_Debug|x86.ActiveCfg = Debug|Any CPU
		{834B9685-B0BD-4CD9-A60C-7A4217CD85AD}.Android_Debug|x86.Build.0 = Debug|Any CPU
		{834B9685-B0BD-4CD9-A60C-7A4217CD85AD}.Android_Release|Any CPU.ActiveCfg = Release|Any CPU
		{834B9685-B0BD-4CD9-A60C-7A4217CD85AD}.Android_Release|Any CPU.Build.0 = Release|Any CPU
		{834B9685-B0BD-4CD9-A60C-7A4217CD85AD}.Android_Release|x64.ActiveCfg = Release|Any CPU
		{834B9685-B0BD-4CD9-A60C-7A4217CD85AD}.Android_Release|x64.Build.0 = Release|Any CPU
		{834B9685-B0BD-4CD9-A60C-7A4217CD85AD}.Android_Release|x86.ActiveCfg = Release|Any CPU
		{834B9685-B0BD-4CD9-A60C-7A4217CD85AD}.Android_Release|x86.Build.0 = Release|Any CPU
		{834B9685-B0BD-4CD9-A60C-7A4217CD85AD}.Benchmarks|Any CPU.ActiveCfg = Release|Any CPU
		{834B9685-B0BD-4CD9-A60C-7A4217CD85AD}.Benchmarks|Any CPU.Build.0 = Release|Any CPU
		{834B9685-B0BD-4CD9-A60C-7A4217CD85AD}.Benchmarks|x64.ActiveCfg = Release|Any CPU
		{834B9685-B0BD-4CD9-A60C-7A4217CD85AD}.Benchmarks|x64.Build.0 = Release|Any CPU
		{834B9685-B0BD-4CD9-A60C-7A4217CD85AD}.Benchmarks|x86.ActiveCfg = Release|Any CPU
		{834B9685-B0BD-4CD9-A60C-7A4217CD85AD}.Benchmarks|x86.Build.0 = Release|Any CPU
		{834B9685-B0BD-4CD9-A60C-7A4217CD85AD}.Debug|Any CPU.ActiveCfg = Debug|Any CPU
		{834B9685-B0BD-4CD9-A60C-7A4217CD85AD}.Debug|Any CPU.Build.0 = Debug|Any CPU
		{834B9685-B0BD-4CD9-A60C-7A4217CD85AD}.Debug|x64.ActiveCfg = Debug|Any CPU
		{834B9685-B0BD-4CD9-A60C-7A4217CD85AD}.Debug|x64.Build.0 = Debug|Any CPU
		{834B9685-B0BD-4CD9-A60C-7A4217CD85AD}.Debug|x86.ActiveCfg = Debug|Any CPU
		{834B9685-B0BD-4CD9-A60C-7A4217CD85AD}.Debug|x86.Build.0 = Debug|Any CPU
		{834B9685-B0BD-4CD9-A60C-7A4217CD85AD}.Release|Any CPU.ActiveCfg = Release|Any CPU
		{834B9685-B0BD-4CD9-A60C-7A4217CD85AD}.Release|Any CPU.Build.0 = Release|Any CPU
		{834B9685-B0BD-4CD9-A60C-7A4217CD85AD}.Release|x64.ActiveCfg = Release|Any CPU
		{834B9685-B0BD-4CD9-A60C-7A4217CD85AD}.Release|x64.Build.0 = Release|Any CPU
		{834B9685-B0BD-4CD9-A60C-7A4217CD85AD}.Release|x86.ActiveCfg = Release|Any CPU
		{834B9685-B0BD-4CD9-A60C-7A4217CD85AD}.Release|x86.Build.0 = Release|Any CPU
		{B2F153C0-D823-4ADE-8376-ACA8657E2323}.Android_Debug|Any CPU.ActiveCfg = Debug|Any CPU
		{B2F153C0-D823-4ADE-8376-ACA8657E2323}.Android_Debug|Any CPU.Build.0 = Debug|Any CPU
		{B2F153C0-D823-4ADE-8376-ACA8657E2323}.Android_Debug|Any CPU.Deploy.0 = Debug|Any CPU
		{B2F153C0-D823-4ADE-8376-ACA8657E2323}.Android_Debug|x64.ActiveCfg = Debug|Any CPU
		{B2F153C0-D823-4ADE-8376-ACA8657E2323}.Android_Debug|x64.Build.0 = Debug|Any CPU
		{B2F153C0-D823-4ADE-8376-ACA8657E2323}.Android_Debug|x64.Deploy.0 = Debug|Any CPU
		{B2F153C0-D823-4ADE-8376-ACA8657E2323}.Android_Debug|x86.ActiveCfg = Debug|Any CPU
		{B2F153C0-D823-4ADE-8376-ACA8657E2323}.Android_Debug|x86.Build.0 = Debug|Any CPU
		{B2F153C0-D823-4ADE-8376-ACA8657E2323}.Android_Debug|x86.Deploy.0 = Debug|Any CPU
		{B2F153C0-D823-4ADE-8376-ACA8657E2323}.Android_Release|Any CPU.ActiveCfg = Release|Any CPU
		{B2F153C0-D823-4ADE-8376-ACA8657E2323}.Android_Release|Any CPU.Build.0 = Release|Any CPU
		{B2F153C0-D823-4ADE-8376-ACA8657E2323}.Android_Release|Any CPU.Deploy.0 = Release|Any CPU
		{B2F153C0-D823-4ADE-8376-ACA8657E2323}.Android_Release|x64.ActiveCfg = Release|Any CPU
		{B2F153C0-D823-4ADE-8376-ACA8657E2323}.Android_Release|x64.Build.0 = Release|Any CPU
		{B2F153C0-D823-4ADE-8376-ACA8657E2323}.Android_Release|x64.Deploy.0 = Release|Any CPU
		{B2F153C0-D823-4ADE-8376-ACA8657E2323}.Android_Release|x86.ActiveCfg = Release|Any CPU
		{B2F153C0-D823-4ADE-8376-ACA8657E2323}.Android_Release|x86.Build.0 = Release|Any CPU
		{B2F153C0-D823-4ADE-8376-ACA8657E2323}.Android_Release|x86.Deploy.0 = Release|Any CPU
		{B2F153C0-D823-4ADE-8376-ACA8657E2323}.Benchmarks|Any CPU.ActiveCfg = Release|Any CPU
		{B2F153C0-D823-4ADE-8376-ACA8657E2323}.Benchmarks|Any CPU.Deploy.0 = Release|Any CPU
		{B2F153C0-D823-4ADE-8376-ACA8657E2323}.Benchmarks|x64.ActiveCfg = Release|Any CPU
		{B2F153C0-D823-4ADE-8376-ACA8657E2323}.Benchmarks|x64.Deploy.0 = Release|Any CPU
		{B2F153C0-D823-4ADE-8376-ACA8657E2323}.Benchmarks|x86.ActiveCfg = Release|Any CPU
		{B2F153C0-D823-4ADE-8376-ACA8657E2323}.Benchmarks|x86.Build.0 = Release|Any CPU
		{B2F153C0-D823-4ADE-8376-ACA8657E2323}.Benchmarks|x86.Deploy.0 = Release|Any CPU
		{B2F153C0-D823-4ADE-8376-ACA8657E2323}.Debug|Any CPU.ActiveCfg = Debug|Any CPU
		{B2F153C0-D823-4ADE-8376-ACA8657E2323}.Debug|Any CPU.Deploy.0 = Debug|Any CPU
		{B2F153C0-D823-4ADE-8376-ACA8657E2323}.Debug|x64.ActiveCfg = Debug|Any CPU
		{B2F153C0-D823-4ADE-8376-ACA8657E2323}.Debug|x64.Deploy.0 = Debug|Any CPU
		{B2F153C0-D823-4ADE-8376-ACA8657E2323}.Debug|x86.ActiveCfg = Debug|Any CPU
		{B2F153C0-D823-4ADE-8376-ACA8657E2323}.Debug|x86.Build.0 = Debug|Any CPU
		{B2F153C0-D823-4ADE-8376-ACA8657E2323}.Debug|x86.Deploy.0 = Debug|Any CPU
		{B2F153C0-D823-4ADE-8376-ACA8657E2323}.Release|Any CPU.ActiveCfg = Release|Any CPU
		{B2F153C0-D823-4ADE-8376-ACA8657E2323}.Release|Any CPU.Deploy.0 = Release|Any CPU
		{B2F153C0-D823-4ADE-8376-ACA8657E2323}.Release|x64.ActiveCfg = Release|Any CPU
		{B2F153C0-D823-4ADE-8376-ACA8657E2323}.Release|x64.Deploy.0 = Release|Any CPU
		{B2F153C0-D823-4ADE-8376-ACA8657E2323}.Release|x86.ActiveCfg = Release|Any CPU
		{B2F153C0-D823-4ADE-8376-ACA8657E2323}.Release|x86.Build.0 = Release|Any CPU
		{B2F153C0-D823-4ADE-8376-ACA8657E2323}.Release|x86.Deploy.0 = Release|Any CPU
		{3B290499-4DD3-487B-8CA2-A4169FC69C3C}.Android_Debug|Any CPU.ActiveCfg = Debug|Any CPU
		{3B290499-4DD3-487B-8CA2-A4169FC69C3C}.Android_Debug|x64.ActiveCfg = Debug|Any CPU
		{3B290499-4DD3-487B-8CA2-A4169FC69C3C}.Android_Debug|x86.ActiveCfg = Debug|Any CPU
		{3B290499-4DD3-487B-8CA2-A4169FC69C3C}.Android_Debug|x86.Build.0 = Debug|Any CPU
		{3B290499-4DD3-487B-8CA2-A4169FC69C3C}.Android_Release|Any CPU.ActiveCfg = Release|Any CPU
		{3B290499-4DD3-487B-8CA2-A4169FC69C3C}.Android_Release|x64.ActiveCfg = Release|Any CPU
		{3B290499-4DD3-487B-8CA2-A4169FC69C3C}.Android_Release|x86.ActiveCfg = Release|Any CPU
		{3B290499-4DD3-487B-8CA2-A4169FC69C3C}.Android_Release|x86.Build.0 = Release|Any CPU
		{3B290499-4DD3-487B-8CA2-A4169FC69C3C}.Benchmarks|Any CPU.ActiveCfg = Release|Any CPU
		{3B290499-4DD3-487B-8CA2-A4169FC69C3C}.Benchmarks|Any CPU.Build.0 = Release|Any CPU
		{3B290499-4DD3-487B-8CA2-A4169FC69C3C}.Benchmarks|x64.ActiveCfg = Release|Any CPU
		{3B290499-4DD3-487B-8CA2-A4169FC69C3C}.Benchmarks|x86.ActiveCfg = Release|Any CPU
		{3B290499-4DD3-487B-8CA2-A4169FC69C3C}.Benchmarks|x86.Build.0 = Release|Any CPU
		{3B290499-4DD3-487B-8CA2-A4169FC69C3C}.Debug|Any CPU.ActiveCfg = Debug|Any CPU
		{3B290499-4DD3-487B-8CA2-A4169FC69C3C}.Debug|Any CPU.Build.0 = Debug|Any CPU
		{3B290499-4DD3-487B-8CA2-A4169FC69C3C}.Debug|x64.ActiveCfg = Debug|Any CPU
		{3B290499-4DD3-487B-8CA2-A4169FC69C3C}.Debug|x64.Build.0 = Debug|Any CPU
		{3B290499-4DD3-487B-8CA2-A4169FC69C3C}.Debug|x86.ActiveCfg = Debug|Any CPU
		{3B290499-4DD3-487B-8CA2-A4169FC69C3C}.Debug|x86.Build.0 = Debug|Any CPU
		{3B290499-4DD3-487B-8CA2-A4169FC69C3C}.Release|Any CPU.ActiveCfg = Release|Any CPU
		{3B290499-4DD3-487B-8CA2-A4169FC69C3C}.Release|Any CPU.Build.0 = Release|Any CPU
		{3B290499-4DD3-487B-8CA2-A4169FC69C3C}.Release|x64.ActiveCfg = Release|Any CPU
		{3B290499-4DD3-487B-8CA2-A4169FC69C3C}.Release|x64.Build.0 = Release|Any CPU
		{3B290499-4DD3-487B-8CA2-A4169FC69C3C}.Release|x86.ActiveCfg = Release|Any CPU
		{3B290499-4DD3-487B-8CA2-A4169FC69C3C}.Release|x86.Build.0 = Release|Any CPU
		{0476DF39-B5A9-42B4-86E8-F7BB50832FA0}.Android_Debug|Any CPU.ActiveCfg = Debug|Any CPU
		{0476DF39-B5A9-42B4-86E8-F7BB50832FA0}.Android_Debug|Any CPU.Build.0 = Debug|Any CPU
		{0476DF39-B5A9-42B4-86E8-F7BB50832FA0}.Android_Debug|x64.ActiveCfg = Debug|Any CPU
		{0476DF39-B5A9-42B4-86E8-F7BB50832FA0}.Android_Debug|x64.Build.0 = Debug|Any CPU
		{0476DF39-B5A9-42B4-86E8-F7BB50832FA0}.Android_Debug|x86.ActiveCfg = Debug|Any CPU
		{0476DF39-B5A9-42B4-86E8-F7BB50832FA0}.Android_Debug|x86.Build.0 = Debug|Any CPU
		{0476DF39-B5A9-42B4-86E8-F7BB50832FA0}.Android_Release|Any CPU.ActiveCfg = Release|Any CPU
		{0476DF39-B5A9-42B4-86E8-F7BB50832FA0}.Android_Release|Any CPU.Build.0 = Release|Any CPU
		{0476DF39-B5A9-42B4-86E8-F7BB50832FA0}.Android_Release|x64.ActiveCfg = Release|Any CPU
		{0476DF39-B5A9-42B4-86E8-F7BB50832FA0}.Android_Release|x64.Build.0 = Release|Any CPU
		{0476DF39-B5A9-42B4-86E8-F7BB50832FA0}.Android_Release|x86.ActiveCfg = Release|Any CPU
		{0476DF39-B5A9-42B4-86E8-F7BB50832FA0}.Android_Release|x86.Build.0 = Release|Any CPU
		{0476DF39-B5A9-42B4-86E8-F7BB50832FA0}.Benchmarks|Any CPU.ActiveCfg = Release|Any CPU
		{0476DF39-B5A9-42B4-86E8-F7BB50832FA0}.Benchmarks|Any CPU.Build.0 = Release|Any CPU
		{0476DF39-B5A9-42B4-86E8-F7BB50832FA0}.Benchmarks|x64.ActiveCfg = Release|Any CPU
		{0476DF39-B5A9-42B4-86E8-F7BB50832FA0}.Benchmarks|x64.Build.0 = Release|Any CPU
		{0476DF39-B5A9-42B4-86E8-F7BB50832FA0}.Benchmarks|x86.ActiveCfg = Release|Any CPU
		{0476DF39-B5A9-42B4-86E8-F7BB50832FA0}.Benchmarks|x86.Build.0 = Release|Any CPU
		{0476DF39-B5A9-42B4-86E8-F7BB50832FA0}.Debug|Any CPU.ActiveCfg = Debug|Any CPU
		{0476DF39-B5A9-42B4-86E8-F7BB50832FA0}.Debug|Any CPU.Build.0 = Debug|Any CPU
		{0476DF39-B5A9-42B4-86E8-F7BB50832FA0}.Debug|x64.ActiveCfg = Debug|Any CPU
		{0476DF39-B5A9-42B4-86E8-F7BB50832FA0}.Debug|x64.Build.0 = Debug|Any CPU
		{0476DF39-B5A9-42B4-86E8-F7BB50832FA0}.Debug|x86.ActiveCfg = Debug|Any CPU
		{0476DF39-B5A9-42B4-86E8-F7BB50832FA0}.Debug|x86.Build.0 = Debug|Any CPU
		{0476DF39-B5A9-42B4-86E8-F7BB50832FA0}.Release|Any CPU.ActiveCfg = Release|Any CPU
		{0476DF39-B5A9-42B4-86E8-F7BB50832FA0}.Release|Any CPU.Build.0 = Release|Any CPU
		{0476DF39-B5A9-42B4-86E8-F7BB50832FA0}.Release|x64.ActiveCfg = Release|Any CPU
		{0476DF39-B5A9-42B4-86E8-F7BB50832FA0}.Release|x64.Build.0 = Release|Any CPU
		{0476DF39-B5A9-42B4-86E8-F7BB50832FA0}.Release|x86.ActiveCfg = Release|Any CPU
		{0476DF39-B5A9-42B4-86E8-F7BB50832FA0}.Release|x86.Build.0 = Release|Any CPU
		{BCD4DD20-054B-477D-A38D-FB7662C8C504}.Android_Debug|Any CPU.ActiveCfg = Debug|Any CPU
		{BCD4DD20-054B-477D-A38D-FB7662C8C504}.Android_Debug|Any CPU.Build.0 = Debug|Any CPU
		{BCD4DD20-054B-477D-A38D-FB7662C8C504}.Android_Debug|x64.ActiveCfg = Debug|Any CPU
		{BCD4DD20-054B-477D-A38D-FB7662C8C504}.Android_Debug|x64.Build.0 = Debug|Any CPU
		{BCD4DD20-054B-477D-A38D-FB7662C8C504}.Android_Debug|x86.ActiveCfg = Debug|Any CPU
		{BCD4DD20-054B-477D-A38D-FB7662C8C504}.Android_Debug|x86.Build.0 = Debug|Any CPU
		{BCD4DD20-054B-477D-A38D-FB7662C8C504}.Android_Release|Any CPU.ActiveCfg = Release|Any CPU
		{BCD4DD20-054B-477D-A38D-FB7662C8C504}.Android_Release|Any CPU.Build.0 = Release|Any CPU
		{BCD4DD20-054B-477D-A38D-FB7662C8C504}.Android_Release|x64.ActiveCfg = Release|Any CPU
		{BCD4DD20-054B-477D-A38D-FB7662C8C504}.Android_Release|x64.Build.0 = Release|Any CPU
		{BCD4DD20-054B-477D-A38D-FB7662C8C504}.Android_Release|x86.ActiveCfg = Release|Any CPU
		{BCD4DD20-054B-477D-A38D-FB7662C8C504}.Android_Release|x86.Build.0 = Release|Any CPU
		{BCD4DD20-054B-477D-A38D-FB7662C8C504}.Benchmarks|Any CPU.ActiveCfg = Release|Any CPU
		{BCD4DD20-054B-477D-A38D-FB7662C8C504}.Benchmarks|Any CPU.Build.0 = Release|Any CPU
		{BCD4DD20-054B-477D-A38D-FB7662C8C504}.Benchmarks|x64.ActiveCfg = Release|Any CPU
		{BCD4DD20-054B-477D-A38D-FB7662C8C504}.Benchmarks|x86.ActiveCfg = Release|Any CPU
		{BCD4DD20-054B-477D-A38D-FB7662C8C504}.Benchmarks|x86.Build.0 = Release|Any CPU
		{BCD4DD20-054B-477D-A38D-FB7662C8C504}.Debug|Any CPU.ActiveCfg = Debug|Any CPU
		{BCD4DD20-054B-477D-A38D-FB7662C8C504}.Debug|Any CPU.Build.0 = Debug|Any CPU
		{BCD4DD20-054B-477D-A38D-FB7662C8C504}.Debug|x64.ActiveCfg = Debug|Any CPU
		{BCD4DD20-054B-477D-A38D-FB7662C8C504}.Debug|x64.Build.0 = Debug|Any CPU
		{BCD4DD20-054B-477D-A38D-FB7662C8C504}.Debug|x86.ActiveCfg = Debug|Any CPU
		{BCD4DD20-054B-477D-A38D-FB7662C8C504}.Debug|x86.Build.0 = Debug|Any CPU
		{BCD4DD20-054B-477D-A38D-FB7662C8C504}.Release|Any CPU.ActiveCfg = Release|Any CPU
		{BCD4DD20-054B-477D-A38D-FB7662C8C504}.Release|Any CPU.Build.0 = Release|Any CPU
		{BCD4DD20-054B-477D-A38D-FB7662C8C504}.Release|x64.ActiveCfg = Release|Any CPU
		{BCD4DD20-054B-477D-A38D-FB7662C8C504}.Release|x64.Build.0 = Release|Any CPU
		{BCD4DD20-054B-477D-A38D-FB7662C8C504}.Release|x86.ActiveCfg = Release|Any CPU
		{BCD4DD20-054B-477D-A38D-FB7662C8C504}.Release|x86.Build.0 = Release|Any CPU
		{6A5C9194-584A-4605-9E00-DB245188431B}.Android_Debug|Any CPU.ActiveCfg = Debug|Any CPU
		{6A5C9194-584A-4605-9E00-DB245188431B}.Android_Debug|x64.ActiveCfg = Debug|Any CPU
		{6A5C9194-584A-4605-9E00-DB245188431B}.Android_Debug|x86.ActiveCfg = Debug|Any CPU
		{6A5C9194-584A-4605-9E00-DB245188431B}.Android_Debug|x86.Build.0 = Debug|Any CPU
		{6A5C9194-584A-4605-9E00-DB245188431B}.Android_Release|Any CPU.ActiveCfg = Release|Any CPU
		{6A5C9194-584A-4605-9E00-DB245188431B}.Android_Release|Any CPU.Build.0 = Release|Any CPU
		{6A5C9194-584A-4605-9E00-DB245188431B}.Android_Release|x64.ActiveCfg = Release|Any CPU
		{6A5C9194-584A-4605-9E00-DB245188431B}.Android_Release|x86.ActiveCfg = Release|Any CPU
		{6A5C9194-584A-4605-9E00-DB245188431B}.Android_Release|x86.Build.0 = Release|Any CPU
		{6A5C9194-584A-4605-9E00-DB245188431B}.Benchmarks|Any CPU.ActiveCfg = Release|Any CPU
		{6A5C9194-584A-4605-9E00-DB245188431B}.Benchmarks|Any CPU.Build.0 = Release|Any CPU
		{6A5C9194-584A-4605-9E00-DB245188431B}.Benchmarks|x64.ActiveCfg = Release|Any CPU
		{6A5C9194-584A-4605-9E00-DB245188431B}.Benchmarks|x86.ActiveCfg = Release|Any CPU
		{6A5C9194-584A-4605-9E00-DB245188431B}.Benchmarks|x86.Build.0 = Release|Any CPU
		{6A5C9194-584A-4605-9E00-DB245188431B}.Debug|Any CPU.ActiveCfg = Debug|Any CPU
		{6A5C9194-584A-4605-9E00-DB245188431B}.Debug|Any CPU.Build.0 = Debug|Any CPU
		{6A5C9194-584A-4605-9E00-DB245188431B}.Debug|x64.ActiveCfg = Debug|Any CPU
		{6A5C9194-584A-4605-9E00-DB245188431B}.Debug|x64.Build.0 = Debug|Any CPU
		{6A5C9194-584A-4605-9E00-DB245188431B}.Debug|x86.ActiveCfg = Debug|Any CPU
		{6A5C9194-584A-4605-9E00-DB245188431B}.Debug|x86.Build.0 = Debug|Any CPU
		{6A5C9194-584A-4605-9E00-DB245188431B}.Release|Any CPU.ActiveCfg = Release|Any CPU
		{6A5C9194-584A-4605-9E00-DB245188431B}.Release|Any CPU.Build.0 = Release|Any CPU
		{6A5C9194-584A-4605-9E00-DB245188431B}.Release|x64.ActiveCfg = Release|Any CPU
		{6A5C9194-584A-4605-9E00-DB245188431B}.Release|x64.Build.0 = Release|Any CPU
		{6A5C9194-584A-4605-9E00-DB245188431B}.Release|x86.ActiveCfg = Release|Any CPU
		{6A5C9194-584A-4605-9E00-DB245188431B}.Release|x86.Build.0 = Release|Any CPU
		{DF7DD353-D95E-4B29-A7E3-147AA39800E6}.Android_Debug|Any CPU.ActiveCfg = Debug|Any CPU
		{DF7DD353-D95E-4B29-A7E3-147AA39800E6}.Android_Debug|Any CPU.Build.0 = Debug|Any CPU
		{DF7DD353-D95E-4B29-A7E3-147AA39800E6}.Android_Debug|x64.ActiveCfg = Debug|Any CPU
		{DF7DD353-D95E-4B29-A7E3-147AA39800E6}.Android_Debug|x86.ActiveCfg = Debug|Any CPU
		{DF7DD353-D95E-4B29-A7E3-147AA39800E6}.Android_Debug|x86.Build.0 = Debug|Any CPU
		{DF7DD353-D95E-4B29-A7E3-147AA39800E6}.Android_Release|Any CPU.ActiveCfg = Release|Any CPU
		{DF7DD353-D95E-4B29-A7E3-147AA39800E6}.Android_Release|Any CPU.Build.0 = Release|Any CPU
		{DF7DD353-D95E-4B29-A7E3-147AA39800E6}.Android_Release|x64.ActiveCfg = Release|Any CPU
		{DF7DD353-D95E-4B29-A7E3-147AA39800E6}.Android_Release|x86.ActiveCfg = Release|Any CPU
		{DF7DD353-D95E-4B29-A7E3-147AA39800E6}.Android_Release|x86.Build.0 = Release|Any CPU
		{DF7DD353-D95E-4B29-A7E3-147AA39800E6}.Benchmarks|Any CPU.ActiveCfg = Release|Any CPU
		{DF7DD353-D95E-4B29-A7E3-147AA39800E6}.Benchmarks|Any CPU.Build.0 = Release|Any CPU
		{DF7DD353-D95E-4B29-A7E3-147AA39800E6}.Benchmarks|x64.ActiveCfg = Release|Any CPU
		{DF7DD353-D95E-4B29-A7E3-147AA39800E6}.Benchmarks|x64.Build.0 = Release|Any CPU
		{DF7DD353-D95E-4B29-A7E3-147AA39800E6}.Benchmarks|x86.ActiveCfg = Release|Any CPU
		{DF7DD353-D95E-4B29-A7E3-147AA39800E6}.Benchmarks|x86.Build.0 = Release|Any CPU
		{DF7DD353-D95E-4B29-A7E3-147AA39800E6}.Debug|Any CPU.ActiveCfg = Debug|Any CPU
		{DF7DD353-D95E-4B29-A7E3-147AA39800E6}.Debug|Any CPU.Build.0 = Debug|Any CPU
		{DF7DD353-D95E-4B29-A7E3-147AA39800E6}.Debug|x64.ActiveCfg = Debug|Any CPU
		{DF7DD353-D95E-4B29-A7E3-147AA39800E6}.Debug|x86.ActiveCfg = Debug|Any CPU
		{DF7DD353-D95E-4B29-A7E3-147AA39800E6}.Debug|x86.Build.0 = Debug|Any CPU
		{DF7DD353-D95E-4B29-A7E3-147AA39800E6}.Release|Any CPU.ActiveCfg = Release|Any CPU
		{DF7DD353-D95E-4B29-A7E3-147AA39800E6}.Release|Any CPU.Build.0 = Release|Any CPU
		{DF7DD353-D95E-4B29-A7E3-147AA39800E6}.Release|x64.ActiveCfg = Release|Any CPU
		{DF7DD353-D95E-4B29-A7E3-147AA39800E6}.Release|x86.ActiveCfg = Release|Any CPU
		{DF7DD353-D95E-4B29-A7E3-147AA39800E6}.Release|x86.Build.0 = Release|Any CPU
		{640AAF55-92F0-478C-8A81-EA13F9AF6B35}.Android_Debug|Any CPU.ActiveCfg = Debug|Any CPU
		{640AAF55-92F0-478C-8A81-EA13F9AF6B35}.Android_Debug|Any CPU.Build.0 = Debug|Any CPU
		{640AAF55-92F0-478C-8A81-EA13F9AF6B35}.Android_Debug|x64.ActiveCfg = Debug|Any CPU
		{640AAF55-92F0-478C-8A81-EA13F9AF6B35}.Android_Debug|x64.Build.0 = Debug|Any CPU
		{640AAF55-92F0-478C-8A81-EA13F9AF6B35}.Android_Debug|x86.ActiveCfg = Debug|Any CPU
		{640AAF55-92F0-478C-8A81-EA13F9AF6B35}.Android_Debug|x86.Build.0 = Debug|Any CPU
		{640AAF55-92F0-478C-8A81-EA13F9AF6B35}.Android_Release|Any CPU.ActiveCfg = Release|Any CPU
		{640AAF55-92F0-478C-8A81-EA13F9AF6B35}.Android_Release|Any CPU.Build.0 = Release|Any CPU
		{640AAF55-92F0-478C-8A81-EA13F9AF6B35}.Android_Release|x64.ActiveCfg = Release|Any CPU
		{640AAF55-92F0-478C-8A81-EA13F9AF6B35}.Android_Release|x64.Build.0 = Release|Any CPU
		{640AAF55-92F0-478C-8A81-EA13F9AF6B35}.Android_Release|x86.ActiveCfg = Release|Any CPU
		{640AAF55-92F0-478C-8A81-EA13F9AF6B35}.Android_Release|x86.Build.0 = Release|Any CPU
		{640AAF55-92F0-478C-8A81-EA13F9AF6B35}.Benchmarks|Any CPU.ActiveCfg = Debug|Any CPU
		{640AAF55-92F0-478C-8A81-EA13F9AF6B35}.Benchmarks|Any CPU.Build.0 = Debug|Any CPU
		{640AAF55-92F0-478C-8A81-EA13F9AF6B35}.Benchmarks|x64.ActiveCfg = Debug|Any CPU
		{640AAF55-92F0-478C-8A81-EA13F9AF6B35}.Benchmarks|x64.Build.0 = Debug|Any CPU
		{640AAF55-92F0-478C-8A81-EA13F9AF6B35}.Benchmarks|x86.ActiveCfg = Debug|Any CPU
		{640AAF55-92F0-478C-8A81-EA13F9AF6B35}.Benchmarks|x86.Build.0 = Debug|Any CPU
		{640AAF55-92F0-478C-8A81-EA13F9AF6B35}.Debug|Any CPU.ActiveCfg = Debug|Any CPU
		{640AAF55-92F0-478C-8A81-EA13F9AF6B35}.Debug|Any CPU.Build.0 = Debug|Any CPU
		{640AAF55-92F0-478C-8A81-EA13F9AF6B35}.Debug|x64.ActiveCfg = Debug|Any CPU
		{640AAF55-92F0-478C-8A81-EA13F9AF6B35}.Debug|x64.Build.0 = Debug|Any CPU
		{640AAF55-92F0-478C-8A81-EA13F9AF6B35}.Debug|x86.ActiveCfg = Debug|Any CPU
		{640AAF55-92F0-478C-8A81-EA13F9AF6B35}.Debug|x86.Build.0 = Debug|Any CPU
		{640AAF55-92F0-478C-8A81-EA13F9AF6B35}.Release|Any CPU.ActiveCfg = Release|Any CPU
		{640AAF55-92F0-478C-8A81-EA13F9AF6B35}.Release|Any CPU.Build.0 = Release|Any CPU
		{640AAF55-92F0-478C-8A81-EA13F9AF6B35}.Release|x64.ActiveCfg = Release|Any CPU
		{640AAF55-92F0-478C-8A81-EA13F9AF6B35}.Release|x64.Build.0 = Release|Any CPU
		{640AAF55-92F0-478C-8A81-EA13F9AF6B35}.Release|x86.ActiveCfg = Release|Any CPU
		{640AAF55-92F0-478C-8A81-EA13F9AF6B35}.Release|x86.Build.0 = Release|Any CPU
		{037B4625-B4FF-40E3-8EF2-DA240FB3953F}.Android_Debug|Any CPU.ActiveCfg = Debug|Any CPU
		{037B4625-B4FF-40E3-8EF2-DA240FB3953F}.Android_Debug|x64.ActiveCfg = Debug|Any CPU
		{037B4625-B4FF-40E3-8EF2-DA240FB3953F}.Android_Debug|x86.ActiveCfg = Debug|Any CPU
		{037B4625-B4FF-40E3-8EF2-DA240FB3953F}.Android_Debug|x86.Build.0 = Debug|Any CPU
		{037B4625-B4FF-40E3-8EF2-DA240FB3953F}.Android_Release|Any CPU.ActiveCfg = Release|Any CPU
		{037B4625-B4FF-40E3-8EF2-DA240FB3953F}.Android_Release|x64.ActiveCfg = Release|Any CPU
		{037B4625-B4FF-40E3-8EF2-DA240FB3953F}.Android_Release|x86.ActiveCfg = Release|Any CPU
		{037B4625-B4FF-40E3-8EF2-DA240FB3953F}.Android_Release|x86.Build.0 = Release|Any CPU
		{037B4625-B4FF-40E3-8EF2-DA240FB3953F}.Benchmarks|Any CPU.ActiveCfg = Debug|Any CPU
		{037B4625-B4FF-40E3-8EF2-DA240FB3953F}.Benchmarks|Any CPU.Build.0 = Debug|Any CPU
		{037B4625-B4FF-40E3-8EF2-DA240FB3953F}.Benchmarks|x64.ActiveCfg = Debug|Any CPU
		{037B4625-B4FF-40E3-8EF2-DA240FB3953F}.Benchmarks|x64.Build.0 = Debug|Any CPU
		{037B4625-B4FF-40E3-8EF2-DA240FB3953F}.Benchmarks|x86.ActiveCfg = Debug|Any CPU
		{037B4625-B4FF-40E3-8EF2-DA240FB3953F}.Benchmarks|x86.Build.0 = Debug|Any CPU
		{037B4625-B4FF-40E3-8EF2-DA240FB3953F}.Debug|Any CPU.ActiveCfg = Debug|Any CPU
		{037B4625-B4FF-40E3-8EF2-DA240FB3953F}.Debug|Any CPU.Build.0 = Debug|Any CPU
		{037B4625-B4FF-40E3-8EF2-DA240FB3953F}.Debug|x64.ActiveCfg = Debug|Any CPU
		{037B4625-B4FF-40E3-8EF2-DA240FB3953F}.Debug|x64.Build.0 = Debug|Any CPU
		{037B4625-B4FF-40E3-8EF2-DA240FB3953F}.Debug|x86.ActiveCfg = Debug|Any CPU
		{037B4625-B4FF-40E3-8EF2-DA240FB3953F}.Debug|x86.Build.0 = Debug|Any CPU
		{037B4625-B4FF-40E3-8EF2-DA240FB3953F}.Release|Any CPU.ActiveCfg = Release|Any CPU
		{037B4625-B4FF-40E3-8EF2-DA240FB3953F}.Release|Any CPU.Build.0 = Release|Any CPU
		{037B4625-B4FF-40E3-8EF2-DA240FB3953F}.Release|x64.ActiveCfg = Release|Any CPU
		{037B4625-B4FF-40E3-8EF2-DA240FB3953F}.Release|x64.Build.0 = Release|Any CPU
		{037B4625-B4FF-40E3-8EF2-DA240FB3953F}.Release|x86.ActiveCfg = Release|Any CPU
		{037B4625-B4FF-40E3-8EF2-DA240FB3953F}.Release|x86.Build.0 = Release|Any CPU
	EndGlobalSection
	GlobalSection(SolutionProperties) = preSolution
		HideSolutionNode = FALSE
	EndGlobalSection
	GlobalSection(NestedProjects) = preSolution
		{A6E7A581-04EF-4B7D-949F-D3E224D86535} = {08C33000-FBC9-4CF3-999C-B660E5241453}
		{EDB27415-2D72-4908-A7D9-3F2C0474F952} = {08C33000-FBC9-4CF3-999C-B660E5241453}
		{325F0AB2-FC2B-4D36-88D2-E70543E1D188} = {08C33000-FBC9-4CF3-999C-B660E5241453}
		{B2086B80-7DC3-41D8-BAE4-7359FB04BC3A} = {0DBE30A6-8BCF-4916-AB5B-335ED3A3CD2B}
		{DAB04699-0FDA-44F0-A5FD-FD9128D5CA0D} = {08C33000-FBC9-4CF3-999C-B660E5241453}
		{D58134DD-2CA1-4417-8880-00A3F27DFDB5} = {0DBE30A6-8BCF-4916-AB5B-335ED3A3CD2B}
		{F1558767-164F-4FAF-A49A-F3E7E28D267C} = {940AA3BE-1CDB-4EFC-B811-6FA4D0562AB3}
		{834B9685-B0BD-4CD9-A60C-7A4217CD85AD} = {0DBE30A6-8BCF-4916-AB5B-335ED3A3CD2B}
		{B2F153C0-D823-4ADE-8376-ACA8657E2323} = {7BD8F3B9-15EB-4FEF-B51E-083E34D62675}
		{3B290499-4DD3-487B-8CA2-A4169FC69C3C} = {940AA3BE-1CDB-4EFC-B811-6FA4D0562AB3}
		{6E72C37A-1919-4843-B2B3-E0ED74C7EFB5} = {020790E4-331B-495A-9969-622744721A32}
		{0476DF39-B5A9-42B4-86E8-F7BB50832FA0} = {08C33000-FBC9-4CF3-999C-B660E5241453}
		{BCD4DD20-054B-477D-A38D-FB7662C8C504} = {940AA3BE-1CDB-4EFC-B811-6FA4D0562AB3}
		{6A5C9194-584A-4605-9E00-DB245188431B} = {940AA3BE-1CDB-4EFC-B811-6FA4D0562AB3}
		{640AAF55-92F0-478C-8A81-EA13F9AF6B35} = {0DBE30A6-8BCF-4916-AB5B-335ED3A3CD2B}
		{037B4625-B4FF-40E3-8EF2-DA240FB3953F} = {0DBE30A6-8BCF-4916-AB5B-335ED3A3CD2B}
	EndGlobalSection
	GlobalSection(ExtensibilityGlobals) = postSolution
		SolutionGuid = {AC16AE48-8B66-43B4-9033-C95D608AA215}
	EndGlobalSection
EndGlobal
