
Microsoft Visual Studio Solution File, Format Version 12.00
# Visual Studio 15
VisualStudioVersion = 15.0.27130.2026
MinimumVisualStudioVersion = 10.0.40219.1
Project("{FAE04EC0-301F-11D3-BF4B-00C04F79EFBC}") = "Molten.Engine", "Molten.Engine\Molten.Engine.csproj", "{8E14325B-28CC-44A8-83ED-4B5946240D88}"
EndProject
Project("{FAE04EC0-301F-11D3-BF4B-00C04F79EFBC}") = "Molten.Win32", "Molten.Win32\Molten.Win32.csproj", "{327570C5-AD4F-4DC5-A9A3-305A8ACABC2B}"
EndProject
Project("{FAE04EC0-301F-11D3-BF4B-00C04F79EFBC}") = "Molten.Render", "Molten.Render\Molten.Render.csproj", "{11C91C8D-ED1F-40AC-A246-DE4796CA2122}"
EndProject
Project("{FAE04EC0-301F-11D3-BF4B-00C04F79EFBC}") = "Molten.Math", "Molten.Math\Molten.Math.csproj", "{E59938AF-A9D4-4963-B4AC-61E53D05527E}"
EndProject
Project("{FAE04EC0-301F-11D3-BF4B-00C04F79EFBC}") = "Molten.DX.Common", "Molten.DX.Common\Molten.DX.Common.csproj", "{23FFC330-BC09-443D-9E30-4148A69AD199}"
EndProject
Project("{FAE04EC0-301F-11D3-BF4B-00C04F79EFBC}") = "Molten.Utility", "Molten.Utility\Molten.Utility.csproj", "{1E4854B0-D1A8-40AE-9038-1DEA304574A5}"
EndProject
Project("{FAE04EC0-301F-11D3-BF4B-00C04F79EFBC}") = "Molten.DX11", "Molten.DX11\Molten.DX11.csproj", "{8800AFBC-8BE4-4145-803E-EF8C1026A17B}"
EndProject
Project("{FAE04EC0-301F-11D3-BF4B-00C04F79EFBC}") = "Molten.Samples", "Molten.Samples\Molten.Samples.csproj", "{6BCCAD84-5049-4A75-9A92-A9A5EA933D55}"
EndProject
Project("{2150E333-8FDC-42A3-9474-1A3956D46DE8}") = "Solution Items", "Solution Items", "{020790E4-331B-495A-9969-622744721A32}"
	ProjectSection(SolutionItems) = preProject
		.gitignore = .gitignore
		LICENSE = LICENSE
		README.md = README.md
	EndProjectSection
EndProject
Project("{FAE04EC0-301F-11D3-BF4B-00C04F79EFBC}") = "Molten.Font", "Molten.Font\Molten.Font.csproj", "{4FE5B72A-3E02-46B9-AC04-B781C964890A}"
EndProject
Project("{FAE04EC0-301F-11D3-BF4B-00C04F79EFBC}") = "Molten.Input", "Molten.Input\Molten.Input.csproj", "{64387480-7656-484E-B11F-468EE563176E}"
EndProject
Project("{FAE04EC0-301F-11D3-BF4B-00C04F79EFBC}") = "Molten.Input.Windows", "Molten.Input.Windows\Molten.Input.Windows.csproj", "{BDA0168B-68FF-4201-8812-9C4FFE1F6A86}"
EndProject
Project("{FAE04EC0-301F-11D3-BF4B-00C04F79EFBC}") = "Molten.IO", "Molten.IO\Molten.IO.csproj", "{8DF4C894-B793-495E-BC14-53306F8B2972}"
EndProject
Global
	GlobalSection(SolutionConfigurationPlatforms) = preSolution
		Debug|Any CPU = Debug|Any CPU
		Debug|x64 = Debug|x64
		Release|Any CPU = Release|Any CPU
		Release|x64 = Release|x64
	EndGlobalSection
	GlobalSection(ProjectConfigurationPlatforms) = postSolution
		{8E14325B-28CC-44A8-83ED-4B5946240D88}.Debug|Any CPU.ActiveCfg = Debug|Any CPU
		{8E14325B-28CC-44A8-83ED-4B5946240D88}.Debug|Any CPU.Build.0 = Debug|Any CPU
		{8E14325B-28CC-44A8-83ED-4B5946240D88}.Debug|x64.ActiveCfg = Debug|x64
		{8E14325B-28CC-44A8-83ED-4B5946240D88}.Debug|x64.Build.0 = Debug|x64
		{8E14325B-28CC-44A8-83ED-4B5946240D88}.Release|Any CPU.ActiveCfg = Release|Any CPU
		{8E14325B-28CC-44A8-83ED-4B5946240D88}.Release|Any CPU.Build.0 = Release|Any CPU
		{8E14325B-28CC-44A8-83ED-4B5946240D88}.Release|x64.ActiveCfg = Release|x64
		{8E14325B-28CC-44A8-83ED-4B5946240D88}.Release|x64.Build.0 = Release|x64
		{327570C5-AD4F-4DC5-A9A3-305A8ACABC2B}.Debug|Any CPU.ActiveCfg = Debug|Any CPU
		{327570C5-AD4F-4DC5-A9A3-305A8ACABC2B}.Debug|Any CPU.Build.0 = Debug|Any CPU
		{327570C5-AD4F-4DC5-A9A3-305A8ACABC2B}.Debug|x64.ActiveCfg = Debug|x64
		{327570C5-AD4F-4DC5-A9A3-305A8ACABC2B}.Debug|x64.Build.0 = Debug|x64
		{327570C5-AD4F-4DC5-A9A3-305A8ACABC2B}.Release|Any CPU.ActiveCfg = Release|Any CPU
		{327570C5-AD4F-4DC5-A9A3-305A8ACABC2B}.Release|Any CPU.Build.0 = Release|Any CPU
		{327570C5-AD4F-4DC5-A9A3-305A8ACABC2B}.Release|x64.ActiveCfg = Release|x64
		{327570C5-AD4F-4DC5-A9A3-305A8ACABC2B}.Release|x64.Build.0 = Release|x64
		{11C91C8D-ED1F-40AC-A246-DE4796CA2122}.Debug|Any CPU.ActiveCfg = Debug|Any CPU
		{11C91C8D-ED1F-40AC-A246-DE4796CA2122}.Debug|Any CPU.Build.0 = Debug|Any CPU
		{11C91C8D-ED1F-40AC-A246-DE4796CA2122}.Debug|x64.ActiveCfg = Debug|x64
		{11C91C8D-ED1F-40AC-A246-DE4796CA2122}.Debug|x64.Build.0 = Debug|x64
		{11C91C8D-ED1F-40AC-A246-DE4796CA2122}.Release|Any CPU.ActiveCfg = Release|Any CPU
		{11C91C8D-ED1F-40AC-A246-DE4796CA2122}.Release|Any CPU.Build.0 = Release|Any CPU
		{11C91C8D-ED1F-40AC-A246-DE4796CA2122}.Release|x64.ActiveCfg = Release|x64
		{11C91C8D-ED1F-40AC-A246-DE4796CA2122}.Release|x64.Build.0 = Release|x64
		{E59938AF-A9D4-4963-B4AC-61E53D05527E}.Debug|Any CPU.ActiveCfg = Debug|Any CPU
		{E59938AF-A9D4-4963-B4AC-61E53D05527E}.Debug|Any CPU.Build.0 = Debug|Any CPU
		{E59938AF-A9D4-4963-B4AC-61E53D05527E}.Debug|x64.ActiveCfg = Debug|x64
		{E59938AF-A9D4-4963-B4AC-61E53D05527E}.Debug|x64.Build.0 = Debug|x64
		{E59938AF-A9D4-4963-B4AC-61E53D05527E}.Release|Any CPU.ActiveCfg = Release|Any CPU
		{E59938AF-A9D4-4963-B4AC-61E53D05527E}.Release|Any CPU.Build.0 = Release|Any CPU
		{E59938AF-A9D4-4963-B4AC-61E53D05527E}.Release|x64.ActiveCfg = Release|x64
		{E59938AF-A9D4-4963-B4AC-61E53D05527E}.Release|x64.Build.0 = Release|x64
		{23FFC330-BC09-443D-9E30-4148A69AD199}.Debug|Any CPU.ActiveCfg = Debug|Any CPU
		{23FFC330-BC09-443D-9E30-4148A69AD199}.Debug|Any CPU.Build.0 = Debug|Any CPU
		{23FFC330-BC09-443D-9E30-4148A69AD199}.Debug|x64.ActiveCfg = Debug|x64
		{23FFC330-BC09-443D-9E30-4148A69AD199}.Debug|x64.Build.0 = Debug|x64
		{23FFC330-BC09-443D-9E30-4148A69AD199}.Release|Any CPU.ActiveCfg = Release|Any CPU
		{23FFC330-BC09-443D-9E30-4148A69AD199}.Release|Any CPU.Build.0 = Release|Any CPU
		{23FFC330-BC09-443D-9E30-4148A69AD199}.Release|x64.ActiveCfg = Release|x64
		{23FFC330-BC09-443D-9E30-4148A69AD199}.Release|x64.Build.0 = Release|x64
		{1E4854B0-D1A8-40AE-9038-1DEA304574A5}.Debug|Any CPU.ActiveCfg = Debug|Any CPU
		{1E4854B0-D1A8-40AE-9038-1DEA304574A5}.Debug|Any CPU.Build.0 = Debug|Any CPU
		{1E4854B0-D1A8-40AE-9038-1DEA304574A5}.Debug|x64.ActiveCfg = Debug|x64
		{1E4854B0-D1A8-40AE-9038-1DEA304574A5}.Debug|x64.Build.0 = Debug|x64
		{1E4854B0-D1A8-40AE-9038-1DEA304574A5}.Release|Any CPU.ActiveCfg = Release|Any CPU
		{1E4854B0-D1A8-40AE-9038-1DEA304574A5}.Release|Any CPU.Build.0 = Release|Any CPU
		{1E4854B0-D1A8-40AE-9038-1DEA304574A5}.Release|x64.ActiveCfg = Release|x64
		{1E4854B0-D1A8-40AE-9038-1DEA304574A5}.Release|x64.Build.0 = Release|x64
		{8800AFBC-8BE4-4145-803E-EF8C1026A17B}.Debug|Any CPU.ActiveCfg = Debug|Any CPU
		{8800AFBC-8BE4-4145-803E-EF8C1026A17B}.Debug|Any CPU.Build.0 = Debug|Any CPU
		{8800AFBC-8BE4-4145-803E-EF8C1026A17B}.Debug|x64.ActiveCfg = Debug|x64
		{8800AFBC-8BE4-4145-803E-EF8C1026A17B}.Debug|x64.Build.0 = Debug|x64
		{8800AFBC-8BE4-4145-803E-EF8C1026A17B}.Release|Any CPU.ActiveCfg = Release|Any CPU
		{8800AFBC-8BE4-4145-803E-EF8C1026A17B}.Release|Any CPU.Build.0 = Release|Any CPU
		{8800AFBC-8BE4-4145-803E-EF8C1026A17B}.Release|x64.ActiveCfg = Release|x64
		{8800AFBC-8BE4-4145-803E-EF8C1026A17B}.Release|x64.Build.0 = Release|x64
		{6BCCAD84-5049-4A75-9A92-A9A5EA933D55}.Debug|Any CPU.ActiveCfg = Debug|Any CPU
		{6BCCAD84-5049-4A75-9A92-A9A5EA933D55}.Debug|Any CPU.Build.0 = Debug|Any CPU
		{6BCCAD84-5049-4A75-9A92-A9A5EA933D55}.Debug|x64.ActiveCfg = Debug|x64
		{6BCCAD84-5049-4A75-9A92-A9A5EA933D55}.Debug|x64.Build.0 = Debug|x64
		{6BCCAD84-5049-4A75-9A92-A9A5EA933D55}.Release|Any CPU.ActiveCfg = Release|Any CPU
		{6BCCAD84-5049-4A75-9A92-A9A5EA933D55}.Release|Any CPU.Build.0 = Release|Any CPU
		{6BCCAD84-5049-4A75-9A92-A9A5EA933D55}.Release|x64.ActiveCfg = Release|x64
		{6BCCAD84-5049-4A75-9A92-A9A5EA933D55}.Release|x64.Build.0 = Release|x64
		{4FE5B72A-3E02-46B9-AC04-B781C964890A}.Debug|Any CPU.ActiveCfg = Debug|Any CPU
		{4FE5B72A-3E02-46B9-AC04-B781C964890A}.Debug|Any CPU.Build.0 = Debug|Any CPU
		{4FE5B72A-3E02-46B9-AC04-B781C964890A}.Debug|x64.ActiveCfg = Debug|x64
		{4FE5B72A-3E02-46B9-AC04-B781C964890A}.Debug|x64.Build.0 = Debug|x64
		{4FE5B72A-3E02-46B9-AC04-B781C964890A}.Release|Any CPU.ActiveCfg = Release|Any CPU
		{4FE5B72A-3E02-46B9-AC04-B781C964890A}.Release|Any CPU.Build.0 = Release|Any CPU
		{4FE5B72A-3E02-46B9-AC04-B781C964890A}.Release|x64.ActiveCfg = Release|x64
		{4FE5B72A-3E02-46B9-AC04-B781C964890A}.Release|x64.Build.0 = Release|x64
		{64387480-7656-484E-B11F-468EE563176E}.Debug|Any CPU.ActiveCfg = Debug|Any CPU
		{64387480-7656-484E-B11F-468EE563176E}.Debug|Any CPU.Build.0 = Debug|Any CPU
		{64387480-7656-484E-B11F-468EE563176E}.Debug|x64.ActiveCfg = Debug|x64
		{64387480-7656-484E-B11F-468EE563176E}.Debug|x64.Build.0 = Debug|x64
		{64387480-7656-484E-B11F-468EE563176E}.Release|Any CPU.ActiveCfg = Release|Any CPU
		{64387480-7656-484E-B11F-468EE563176E}.Release|Any CPU.Build.0 = Release|Any CPU
		{64387480-7656-484E-B11F-468EE563176E}.Release|x64.ActiveCfg = Release|x64
		{64387480-7656-484E-B11F-468EE563176E}.Release|x64.Build.0 = Release|x64
		{BDA0168B-68FF-4201-8812-9C4FFE1F6A86}.Debug|Any CPU.ActiveCfg = Debug|Any CPU
		{BDA0168B-68FF-4201-8812-9C4FFE1F6A86}.Debug|Any CPU.Build.0 = Debug|Any CPU
		{BDA0168B-68FF-4201-8812-9C4FFE1F6A86}.Debug|x64.ActiveCfg = Debug|x64
		{BDA0168B-68FF-4201-8812-9C4FFE1F6A86}.Debug|x64.Build.0 = Debug|x64
		{BDA0168B-68FF-4201-8812-9C4FFE1F6A86}.Release|Any CPU.ActiveCfg = Release|Any CPU
		{BDA0168B-68FF-4201-8812-9C4FFE1F6A86}.Release|Any CPU.Build.0 = Release|Any CPU
		{BDA0168B-68FF-4201-8812-9C4FFE1F6A86}.Release|x64.ActiveCfg = Release|x64
		{BDA0168B-68FF-4201-8812-9C4FFE1F6A86}.Release|x64.Build.0 = Release|x64
		{8DF4C894-B793-495E-BC14-53306F8B2972}.Debug|Any CPU.ActiveCfg = Debug|Any CPU
		{8DF4C894-B793-495E-BC14-53306F8B2972}.Debug|Any CPU.Build.0 = Debug|Any CPU
		{8DF4C894-B793-495E-BC14-53306F8B2972}.Debug|x64.ActiveCfg = Debug|x64
		{8DF4C894-B793-495E-BC14-53306F8B2972}.Debug|x64.Build.0 = Debug|x64
		{8DF4C894-B793-495E-BC14-53306F8B2972}.Release|Any CPU.ActiveCfg = Release|Any CPU
		{8DF4C894-B793-495E-BC14-53306F8B2972}.Release|Any CPU.Build.0 = Release|Any CPU
		{8DF4C894-B793-495E-BC14-53306F8B2972}.Release|x64.ActiveCfg = Release|x64
		{8DF4C894-B793-495E-BC14-53306F8B2972}.Release|x64.Build.0 = Release|x64
	EndGlobalSection
	GlobalSection(SolutionProperties) = preSolution
		HideSolutionNode = FALSE
	EndGlobalSection
	GlobalSection(ExtensibilityGlobals) = postSolution
		SolutionGuid = {AC16AE48-8B66-43B4-9033-C95D608AA215}
	EndGlobalSection
EndGlobal
