{
  "version": 1,
  "dependencies": {
    "net8.0": {
      "Silk.NET.OpenAL": {
        "type": "Direct",
        "requested": "[2.22.0, )",
        "resolved": "2.22.0",
        "contentHash": "YpzIhYRcUZ8dHML8+DUHqEgu0exmZhouWYHGR4AXPtD63YbFuuO4aFqulWkCpIaOvjCdsIWtNKElLJreLxXvFw==",
        "dependencies": {
          "Silk.NET.Core": "2.22.0",
          "System.Buffers": "4.5.1",
          "System.Numerics.Vectors": "4.5.0"
        }
      },
      "Silk.NET.OpenAL.Extensions.Enumeration": {
        "type": "Direct",
        "requested": "[2.21.0, )",
        "resolved": "2.21.0",
        "contentHash": "ofk6zC9Pp81vLodkF79O28Cdo29RJsih6SPtpjvji9q99qEJ3+sRDtNqUtyKZFme0oJhLqucZiIj7rL6cOQD0A==",
        "dependencies": {
          "Silk.NET.Core": "2.21.0",
          "Silk.NET.OpenAL": "2.21.0",
          "System.Buffers": "4.5.1"
        }
      },
      "Silk.NET.OpenAL.Extensions.EXT": {
        "type": "Direct",
        "requested": "[2.21.0, )",
        "resolved": "2.21.0",
        "contentHash": "syJiKtFecsTtZ2uqreRg7VFPwTu8Nq4OB9YKJA2r+BSOsgPNX7KQsi6r1ydUBfhPmhf4uGBHHe1p87+A8iyr/w==",
        "dependencies": {
          "Silk.NET.Core": "2.21.0",
          "Silk.NET.OpenAL": "2.21.0"
        }
      },
      "Silk.NET.OpenAL.Extensions.Soft": {
        "type": "Direct",
        "requested": "[2.22.0, )",
        "resolved": "2.22.0",
        "contentHash": "MhHznEE6EDCQlyBbRHS28lMJvsTzrOyJXuxmJ2L2+Ma+NGnBd5aSyA6jTGV9pQesXaBA209bkThBGTXmWiR5YA==",
        "dependencies": {
          "Silk.NET.Core": "2.22.0",
          "Silk.NET.OpenAL": "2.22.0"
        }
      },
      "Silk.NET.OpenAL.Soft.Native": {
        "type": "Direct",
        "requested": "[1.23.1, )",
        "resolved": "1.23.1",
        "contentHash": "gZIbksInoiXbJZmepYnTs5O6Edg5O5k86c1+Uus0zSaVnQx5WRbInGz2VTlvudbs0qAqXs/asL1YvJzco/nfAQ=="
      },
      "Magick.NET-Q8-AnyCPU": {
        "type": "Transitive",
        "resolved": "14.0.0",
        "contentHash": "6jT+OhvqsX/BM2+89xvBvkD0I3Vx9QDMwLFXZLtBvnRpB/JogqtZfPju5xnqzXPytAeHT9EhGBBTyiV0scE1xA==",
        "dependencies": {
          "Magick.NET.Core": "14.0.0"
        }
      },
      "Magick.NET.Core": {
        "type": "Transitive",
        "resolved": "14.0.0",
        "contentHash": "xChjeg8OT6l/ZBFJl+8ojSQQhKYgMt1f9X3g0HJ6sTvWZxj3j0eZrsKCguFSBAtz/gsdzpaSjJBKGtP5ZSaJhA=="
      },
      "Microsoft.CSharp": {
        "type": "Transitive",
        "resolved": "4.7.0",
        "contentHash": "pTj+D3uJWyN3My70i2Hqo+OXixq3Os2D1nJ2x92FFo6sk8fYS1m1WLNTs0Dc1uPaViH0YvEEwvzddQ7y4rhXmA=="
      },
      "Microsoft.DotNet.PlatformAbstractions": {
        "type": "Transitive",
        "resolved": "3.1.6",
        "contentHash": "jek4XYaQ/PGUwDKKhwR8K47Uh1189PFzMeLqO83mXrXQVIpARZCcfuDedH50YDTepBkfijCZN5U/vZi++erxtg=="
      },
      "Microsoft.Extensions.DependencyModel": {
        "type": "Transitive",
        "resolved": "8.0.0",
        "contentHash": "NSmDw3K0ozNDgShSIpsZcbFIzBX4w28nDag+TfaQujkXGazBm+lid5onlWoCBy4VsLxqnnKjEBbGSJVWJMf43g==",
        "dependencies": {
          "System.Text.Encodings.Web": "8.0.0",
          "System.Text.Json": "8.0.0"
        }
      },
      "Newtonsoft.Json": {
        "type": "Transitive",
        "resolved": "13.0.3",
        "contentHash": "HrC5BXdl00IP9zeV+0Z848QWPAoCr9P3bDEZguI+gkLcBKAOxix/tLEAAHC+UvDNPv4a2d18lOReHMOagPa+zQ=="
      },
      "Silk.NET.Core": {
        "type": "Transitive",
        "resolved": "2.22.0",
        "contentHash": "XbDilPmvsQIrvxZkeVCNNX3LyRtA3hN6UykAiyZjlu/JkYh68U3WQummpP+j7jsxlX8s/pOrrU3vbN8LnMl0VA==",
        "dependencies": {
          "Microsoft.CSharp": "4.7.0",
          "Microsoft.DotNet.PlatformAbstractions": "3.1.6",
          "Microsoft.Extensions.DependencyModel": "8.0.0",
          "System.Memory": "4.5.5",
          "System.Numerics.Vectors": "4.5.0",
          "System.Runtime.CompilerServices.Unsafe": "6.0.0"
        }
      },
      "System.Buffers": {
        "type": "Transitive",
        "resolved": "4.5.1",
        "contentHash": "Rw7ijyl1qqRS0YQD/WycNst8hUUMgrMH4FCn1nNm27M4VxchZ1js3fVjQaANHO5f3sN4isvP4a+Met9Y4YomAg=="
      },
      "System.Memory": {
        "type": "Transitive",
        "resolved": "4.5.5",
        "contentHash": "XIWiDvKPXaTveaB7HVganDlOCRoj03l+jrwNvcge/t8vhGYKvqV+dMv6G4SAX2NoNmN0wZfVPTAlFwZcZvVOUw=="
      },
      "System.Numerics.Vectors": {
        "type": "Transitive",
        "resolved": "4.5.0",
        "contentHash": "QQTlPTl06J/iiDbJCiepZ4H//BVraReU4O4EoRw1U02H5TLUIT7xn3GnDp9AXPSlJUDyFs4uWjWafNX6WrAojQ=="
      },
      "System.Runtime.CompilerServices.Unsafe": {
        "type": "Transitive",
        "resolved": "6.0.0",
        "contentHash": "/iUeP3tq1S0XdNNoMz5C9twLSrM/TH+qElHkXWaPvuNOt+99G75NrV0OS2EqHx5wMN7popYjpc8oTjC1y16DLg=="
      },
      "System.Text.Encodings.Web": {
        "type": "Transitive",
        "resolved": "8.0.0",
        "contentHash": "yev/k9GHAEGx2Rg3/tU6MQh4HGBXJs70y7j1LaM1i/ER9po+6nnQ6RRqTJn1E7Xu0fbIFK80Nh5EoODxrbxwBQ=="
      },
      "System.Text.Json": {
        "type": "Transitive",
        "resolved": "8.0.0",
        "contentHash": "OdrZO2WjkiEG6ajEFRABTRCi/wuXQPxeV6g8xvUJqdxMvvuCCEk86zPla8UiIQJz3durtUEbNyY/3lIhS0yZvQ==",
        "dependencies": {
          "System.Text.Encodings.Web": "8.0.0"
        }
      },
      "molten.engine": {
        "type": "Project",
        "dependencies": {
          "Magick.NET-Q8-AnyCPU": "[14.0.0, )",
          "Molten.Math": "[0.8.0, )",
          "Molten.Utility": "[0.8.0, )",
          "Newtonsoft.Json": "[13.0.3, )"
        }
      },
      "molten.math": {
        "type": "Project"
      },
      "molten.utility": {
        "type": "Project",
        "dependencies": {
          "Silk.NET.Core": "[2.21.0, )"
        }
      }
    }
  }
}