
Microsoft Visual Studio Solution File, Format Version 12.00
# Visual Studio Version 16
VisualStudioVersion = 16.0.30717.126
MinimumVisualStudioVersion = 10.0.40219.1
Project("{9A19103F-16F7-4668-BE54-9A1E7A4F7556}") = "Molten.Engine", "Molten.Engine.csproj", "{01EA47EC-1959-401B-A67B-E44CCA62513B}"
EndProject
Project("{9A19103F-16F7-4668-BE54-9A1E7A4F7556}") = "Molten.Samples.Windows", "..\Molten.Samples\Molten.Samples.Windows.csproj", "{A4F099D0-81B4-4E6F-A128-A9CE5F1E89B4}"
EndProject
Project("{9A19103F-16F7-4668-BE54-9A1E7A4F7556}") = "Molten.Math", "..\Molten.Math\Molten.Math.csproj", "{A2E707C3-EF66-422E-BBD4-A6E055BC7D91}"
EndProject
Project("{9A19103F-16F7-4668-BE54-9A1E7A4F7556}") = "Molten.Utility", "..\Molten.Utility\Molten.Utility.csproj", "{02B05A3C-52F0-42CB-A789-82C1D6A952C6}"
EndProject
Project("{9A19103F-16F7-4668-BE54-9A1E7A4F7556}") = "Molten.Font", "..\Molten.Font\Molten.Font.csproj", "{50E0C109-499E-42B0-879F-D07386A86F1D}"
EndProject
Project("{9A19103F-16F7-4668-BE54-9A1E7A4F7556}") = "Molten.IO", "..\Molten.IO\Molten.IO.csproj", "{AD8FE8EB-51ED-4B8D-A4CE-12B2B9D0E32F}"
EndProject
Project("{9A19103F-16F7-4668-BE54-9A1E7A4F7556}") = "Molten.Platform", "..\Molten.Platform\Molten.Platform.csproj", "{95BBFB2D-CE70-4651-8B00-F84E497950D3}"
EndProject
Project("{9A19103F-16F7-4668-BE54-9A1E7A4F7556}") = "Molten.Renderer.OpenGL", "..\Molten.Renderer.OpenGL\Molten.Renderer.OpenGL.csproj", "{ADA00FA9-DA37-4D92-AE44-E26631F92370}"
EndProject
Project("{9A19103F-16F7-4668-BE54-9A1E7A4F7556}") = "Molten.Platform.Android", "..\Molten.Platform.Android\Molten.Platform.Android.csproj", "{EF901362-166F-4B92-86D2-DE4A04C4EEE3}"
EndProject
Project("{9A19103F-16F7-4668-BE54-9A1E7A4F7556}") = "Molten.Platform.Windows", "..\Molten.Platform.Windows\Molten.Platform.Windows.csproj", "{B8156688-4CFE-4210-B9D1-611AF017FDE1}"
EndProject
Project("{2150E333-8FDC-42A3-9474-1A3956D46DE8}") = "Windows", "Windows", "{599B89AD-7313-4DE5-9501-FAA741616DDC}"
EndProject
Project("{2150E333-8FDC-42A3-9474-1A3956D46DE8}") = "Android", "Android", "{56E6BAEA-44EC-4A4E-B2A5-C871E09B574A}"
EndProject
Project("{2150E333-8FDC-42A3-9474-1A3956D46DE8}") = "CrossPlatform", "CrossPlatform", "{1D9AF5E4-D14A-4889-95E6-D2AA04121102}"
EndProject
Project("{FAE04EC0-301F-11D3-BF4B-00C04F79EFBC}") = "Molten.Renderer.DX11", "..\Molten.Renderer.DX11\Molten.Renderer.DX11.csproj", "{86812FC2-1015-4145-B6A8-973489C34A46}"
EndProject
Project("{D954291E-2A0B-460D-934E-DC6B0785DB48}") = "Molten.Renderer.DXCommon", "..\Molten.Renderer.DXCommon\Molten.Renderer.DXCommon.shproj", "{0E475EBF-BE06-4658-9BA1-FEB48AE3E183}"
EndProject
Project("{D954291E-2A0B-460D-934E-DC6B0785DB48}") = "Molten.Renderer.Common", "..\Molten.Renderer.Common\Molten.Renderer.Common.shproj", "{6C5801C4-7CBF-4D03-8A69-A4C8D9C9870F}"
EndProject
Global
	GlobalSection(SharedMSBuildProjectFiles) = preSolution
		..\Molten.Renderer.DXCommon\Molten.Renderer.DXCommon.projitems*{0e475ebf-be06-4658-9ba1-feb48ae3e183}*SharedItemsImports = 13
		..\Molten.Renderer.Common\Molten.Renderer.Common.projitems*{6c5801c4-7cbf-4d03-8a69-a4c8d9c9870f}*SharedItemsImports = 13
		..\Molten.Renderer.Common\Molten.Renderer.Common.projitems*{86812fc2-1015-4145-b6a8-973489c34a46}*SharedItemsImports = 5
		..\Molten.Renderer.DXCommon\Molten.Renderer.DXCommon.projitems*{86812fc2-1015-4145-b6a8-973489c34a46}*SharedItemsImports = 5
		..\Molten.Renderer.Common\Molten.Renderer.Common.projitems*{ada00fa9-da37-4d92-ae44-e26631f92370}*SharedItemsImports = 5
	EndGlobalSection
	GlobalSection(SolutionConfigurationPlatforms) = preSolution
		Debug|Any CPU = Debug|Any CPU
		Release|Any CPU = Release|Any CPU
	EndGlobalSection
	GlobalSection(ProjectConfigurationPlatforms) = postSolution
		{01EA47EC-1959-401B-A67B-E44CCA62513B}.Debug|Any CPU.ActiveCfg = Debug|Any CPU
		{01EA47EC-1959-401B-A67B-E44CCA62513B}.Debug|Any CPU.Build.0 = Debug|Any CPU
		{01EA47EC-1959-401B-A67B-E44CCA62513B}.Release|Any CPU.ActiveCfg = Release|Any CPU
		{01EA47EC-1959-401B-A67B-E44CCA62513B}.Release|Any CPU.Build.0 = Release|Any CPU
		{A4F099D0-81B4-4E6F-A128-A9CE5F1E89B4}.Debug|Any CPU.ActiveCfg = Debug|Any CPU
		{A4F099D0-81B4-4E6F-A128-A9CE5F1E89B4}.Debug|Any CPU.Build.0 = Debug|Any CPU
		{A4F099D0-81B4-4E6F-A128-A9CE5F1E89B4}.Release|Any CPU.ActiveCfg = Release|Any CPU
		{A4F099D0-81B4-4E6F-A128-A9CE5F1E89B4}.Release|Any CPU.Build.0 = Release|Any CPU
		{A2E707C3-EF66-422E-BBD4-A6E055BC7D91}.Debug|Any CPU.ActiveCfg = Debug|Any CPU
		{A2E707C3-EF66-422E-BBD4-A6E055BC7D91}.Debug|Any CPU.Build.0 = Debug|Any CPU
		{A2E707C3-EF66-422E-BBD4-A6E055BC7D91}.Release|Any CPU.ActiveCfg = Release|Any CPU
		{A2E707C3-EF66-422E-BBD4-A6E055BC7D91}.Release|Any CPU.Build.0 = Release|Any CPU
		{02B05A3C-52F0-42CB-A789-82C1D6A952C6}.Debug|Any CPU.ActiveCfg = Debug|Any CPU
		{02B05A3C-52F0-42CB-A789-82C1D6A952C6}.Debug|Any CPU.Build.0 = Debug|Any CPU
		{02B05A3C-52F0-42CB-A789-82C1D6A952C6}.Release|Any CPU.ActiveCfg = Release|Any CPU
		{02B05A3C-52F0-42CB-A789-82C1D6A952C6}.Release|Any CPU.Build.0 = Release|Any CPU
		{50E0C109-499E-42B0-879F-D07386A86F1D}.Debug|Any CPU.ActiveCfg = Debug|Any CPU
		{50E0C109-499E-42B0-879F-D07386A86F1D}.Debug|Any CPU.Build.0 = Debug|Any CPU
		{50E0C109-499E-42B0-879F-D07386A86F1D}.Release|Any CPU.ActiveCfg = Release|Any CPU
		{50E0C109-499E-42B0-879F-D07386A86F1D}.Release|Any CPU.Build.0 = Release|Any CPU
		{AD8FE8EB-51ED-4B8D-A4CE-12B2B9D0E32F}.Debug|Any CPU.ActiveCfg = Debug|Any CPU
		{AD8FE8EB-51ED-4B8D-A4CE-12B2B9D0E32F}.Debug|Any CPU.Build.0 = Debug|Any CPU
		{AD8FE8EB-51ED-4B8D-A4CE-12B2B9D0E32F}.Release|Any CPU.ActiveCfg = Release|Any CPU
		{AD8FE8EB-51ED-4B8D-A4CE-12B2B9D0E32F}.Release|Any CPU.Build.0 = Release|Any CPU
		{95BBFB2D-CE70-4651-8B00-F84E497950D3}.Debug|Any CPU.ActiveCfg = Debug|Any CPU
		{95BBFB2D-CE70-4651-8B00-F84E497950D3}.Debug|Any CPU.Build.0 = Debug|Any CPU
		{95BBFB2D-CE70-4651-8B00-F84E497950D3}.Release|Any CPU.ActiveCfg = Release|Any CPU
		{95BBFB2D-CE70-4651-8B00-F84E497950D3}.Release|Any CPU.Build.0 = Release|Any CPU
		{ADA00FA9-DA37-4D92-AE44-E26631F92370}.Debug|Any CPU.ActiveCfg = Debug|Any CPU
		{ADA00FA9-DA37-4D92-AE44-E26631F92370}.Release|Any CPU.ActiveCfg = Release|Any CPU
		{ADA00FA9-DA37-4D92-AE44-E26631F92370}.Release|Any CPU.Build.0 = Release|Any CPU
		{EF901362-166F-4B92-86D2-DE4A04C4EEE3}.Debug|Any CPU.ActiveCfg = Debug|Any CPU
		{EF901362-166F-4B92-86D2-DE4A04C4EEE3}.Debug|Any CPU.Build.0 = Debug|Any CPU
		{EF901362-166F-4B92-86D2-DE4A04C4EEE3}.Release|Any CPU.ActiveCfg = Release|Any CPU
		{EF901362-166F-4B92-86D2-DE4A04C4EEE3}.Release|Any CPU.Build.0 = Release|Any CPU
		{B8156688-4CFE-4210-B9D1-611AF017FDE1}.Debug|Any CPU.ActiveCfg = Debug|Any CPU
		{B8156688-4CFE-4210-B9D1-611AF017FDE1}.Debug|Any CPU.Build.0 = Debug|Any CPU
		{B8156688-4CFE-4210-B9D1-611AF017FDE1}.Release|Any CPU.ActiveCfg = Release|Any CPU
		{B8156688-4CFE-4210-B9D1-611AF017FDE1}.Release|Any CPU.Build.0 = Release|Any CPU
		{86812FC2-1015-4145-B6A8-973489C34A46}.Debug|Any CPU.ActiveCfg = Debug|Any CPU
		{86812FC2-1015-4145-B6A8-973489C34A46}.Debug|Any CPU.Build.0 = Debug|Any CPU
		{86812FC2-1015-4145-B6A8-973489C34A46}.Release|Any CPU.ActiveCfg = Release|Any CPU
		{86812FC2-1015-4145-B6A8-973489C34A46}.Release|Any CPU.Build.0 = Release|Any CPU
	EndGlobalSection
	GlobalSection(SolutionProperties) = preSolution
		HideSolutionNode = FALSE
	EndGlobalSection
	GlobalSection(NestedProjects) = preSolution
		{01EA47EC-1959-401B-A67B-E44CCA62513B} = {1D9AF5E4-D14A-4889-95E6-D2AA04121102}
		{A4F099D0-81B4-4E6F-A128-A9CE5F1E89B4} = {599B89AD-7313-4DE5-9501-FAA741616DDC}
		{A2E707C3-EF66-422E-BBD4-A6E055BC7D91} = {1D9AF5E4-D14A-4889-95E6-D2AA04121102}
		{02B05A3C-52F0-42CB-A789-82C1D6A952C6} = {1D9AF5E4-D14A-4889-95E6-D2AA04121102}
		{50E0C109-499E-42B0-879F-D07386A86F1D} = {1D9AF5E4-D14A-4889-95E6-D2AA04121102}
		{AD8FE8EB-51ED-4B8D-A4CE-12B2B9D0E32F} = {1D9AF5E4-D14A-4889-95E6-D2AA04121102}
		{95BBFB2D-CE70-4651-8B00-F84E497950D3} = {1D9AF5E4-D14A-4889-95E6-D2AA04121102}
		{ADA00FA9-DA37-4D92-AE44-E26631F92370} = {1D9AF5E4-D14A-4889-95E6-D2AA04121102}
		{EF901362-166F-4B92-86D2-DE4A04C4EEE3} = {56E6BAEA-44EC-4A4E-B2A5-C871E09B574A}
		{B8156688-4CFE-4210-B9D1-611AF017FDE1} = {599B89AD-7313-4DE5-9501-FAA741616DDC}
		{86812FC2-1015-4145-B6A8-973489C34A46} = {599B89AD-7313-4DE5-9501-FAA741616DDC}
		{0E475EBF-BE06-4658-9BA1-FEB48AE3E183} = {599B89AD-7313-4DE5-9501-FAA741616DDC}
		{6C5801C4-7CBF-4D03-8A69-A4C8D9C9870F} = {1D9AF5E4-D14A-4889-95E6-D2AA04121102}
	EndGlobalSection
	GlobalSection(ExtensibilityGlobals) = postSolution
		SolutionGuid = {E6F7F5AE-B47A-44D1-9195-ACABA0337E05}
	EndGlobalSection
EndGlobal
