{
  "version": 1,
  "dependencies": {
    "net7.0": {
      "Silk.NET.Direct3D.Compilers": {
        "type": "Direct",
        "requested": "[2.17.1, )",
        "resolved": "2.17.1",
        "contentHash": "dAz0D6rJDAqF0whnFpHSCZx44NYeV+anm96D7OOzS95r86b3An8/53F+gaO3Hs8Ar6R+YX/4lwJp1PnPJb8low==",
        "dependencies": {
          "Silk.NET.Core": "2.17.1"
        }
      },
      "Magick.NET-Q8-AnyCPU": {
        "type": "Transitive",
        "resolved": "13.1.3",
        "contentHash": "Zj3HYWP6AkqLFYt/jnJRCm1sUW9gssaQtlpPKwOPFxovg/svUjVKC2KiOkYKgdX4OegJpsKbY+FmXoa35gehMQ==",
        "dependencies": {
          "Magick.NET.Core": "13.1.3"
        }
      },
      "Magick.NET.Core": {
        "type": "Transitive",
        "resolved": "13.1.3",
        "contentHash": "pl4wYaJXuYRUSIH+VkQC+wvhuZZI9YcZPr4GtL/HGCHoz2LOULv6HLSl4Ox4N4aMi0QQqJZVyn6R++V+sJzyAA=="
      },
      "Microsoft.CSharp": {
        "type": "Transitive",
        "resolved": "4.7.0",
        "contentHash": "pTj+D3uJWyN3My70i2Hqo+OXixq3Os2D1nJ2x92FFo6sk8fYS1m1WLNTs0Dc1uPaViH0YvEEwvzddQ7y4rhXmA=="
      },
      "Microsoft.DotNet.PlatformAbstractions": {
        "type": "Transitive",
        "resolved": "3.1.6",
        "contentHash": "jek4XYaQ/PGUwDKKhwR8K47Uh1189PFzMeLqO83mXrXQVIpARZCcfuDedH50YDTepBkfijCZN5U/vZi++erxtg=="
      },
      "Microsoft.Extensions.DependencyModel": {
        "type": "Transitive",
        "resolved": "7.0.0",
        "contentHash": "oONNYd71J3LzkWc4fUHl3SvMfiQMYUCo/mDHDEu76hYYxdhdrPYv6fvGv9nnKVyhE9P0h20AU8RZB5OOWQcAXg==",
        "dependencies": {
          "System.Text.Encodings.Web": "7.0.0",
          "System.Text.Json": "7.0.0"
        }
      },
      "Newtonsoft.Json": {
        "type": "Transitive",
        "resolved": "13.0.3",
        "contentHash": "HrC5BXdl00IP9zeV+0Z848QWPAoCr9P3bDEZguI+gkLcBKAOxix/tLEAAHC+UvDNPv4a2d18lOReHMOagPa+zQ=="
      },
      "Silk.NET.Core": {
        "type": "Transitive",
        "resolved": "2.17.1",
        "contentHash": "x/Xfv7+UlbWjNqrxocxHu32Ypgmqnw4q5xRXUj8vjrMsDTWkyEFBSaDnmcjWSSDiZ8TJDfsmCYLxjj7OdHNHbw==",
        "dependencies": {
          "Microsoft.CSharp": "4.7.0",
          "Microsoft.DotNet.PlatformAbstractions": "3.1.6",
          "Microsoft.Extensions.DependencyModel": "7.0.0",
          "System.Memory": "4.5.5",
          "System.Numerics.Vectors": "4.5.0",
          "System.Runtime.CompilerServices.Unsafe": "6.0.0"
        }
      },
      "System.Memory": {
        "type": "Transitive",
        "resolved": "4.5.5",
        "contentHash": "XIWiDvKPXaTveaB7HVganDlOCRoj03l+jrwNvcge/t8vhGYKvqV+dMv6G4SAX2NoNmN0wZfVPTAlFwZcZvVOUw=="
      },
      "System.Numerics.Vectors": {
        "type": "Transitive",
        "resolved": "4.5.0",
        "contentHash": "QQTlPTl06J/iiDbJCiepZ4H//BVraReU4O4EoRw1U02H5TLUIT7xn3GnDp9AXPSlJUDyFs4uWjWafNX6WrAojQ=="
      },
      "System.Runtime.CompilerServices.Unsafe": {
        "type": "Transitive",
        "resolved": "6.0.0",
        "contentHash": "/iUeP3tq1S0XdNNoMz5C9twLSrM/TH+qElHkXWaPvuNOt+99G75NrV0OS2EqHx5wMN7popYjpc8oTjC1y16DLg=="
      },
      "System.Text.Encodings.Web": {
        "type": "Transitive",
        "resolved": "7.0.0",
        "contentHash": "OP6umVGxc0Z0MvZQBVigj4/U31Pw72ITihDWP9WiWDm+q5aoe0GaJivsfYGq53o6dxH7DcXWiCTl7+0o2CGdmg=="
      },
      "System.Text.Json": {
        "type": "Transitive",
        "resolved": "7.0.0",
        "contentHash": "DaGSsVqKsn/ia6RG8frjwmJonfos0srquhw09TlT8KRw5I43E+4gs+/bZj4K0vShJ5H9imCuXupb4RmS+dBy3w==",
        "dependencies": {
          "System.Text.Encodings.Web": "7.0.0"
        }
      },
      "molten.engine": {
        "type": "Project",
        "dependencies": {
          "Magick.NET-Q8-AnyCPU": "[13.1.3, )",
          "Molten.Font": "[0.5.0, )",
          "Molten.IO": "[0.5.0, )",
          "Molten.Math": "[0.5.0, )",
          "Molten.Utility": "[0.5.0, )",
          "Newtonsoft.Json": "[13.0.3, )"
        }
      },
      "molten.font": {
        "type": "Project",
        "dependencies": {
          "Molten.IO": "[0.5.0, )",
          "Molten.Math": "[0.5.0, )",
          "Molten.Utility": "[0.5.0, )"
        }
      },
      "molten.io": {
        "type": "Project",
        "dependencies": {
          "Molten.Math": "[0.5.0, )",
          "Molten.Utility": "[0.5.0, )"
        }
      },
      "molten.math": {
        "type": "Project"
      },
      "molten.utility": {
        "type": "Project",
        "dependencies": {
          "Silk.NET.Core": "[2.17.1, )"
        }
      }
    }
  }
}