{
  "version": 1,
  "dependencies": {
    "net8.0": {
      "Silk.NET.GLFW": {
        "type": "Direct",
        "requested": "[2.20.0, )",
        "resolved": "2.20.0",
        "contentHash": "VCnaHew1xH+j0AxS54zVQNLQ4HJAaTpIFQdPpmMzbJ3XB21zNPV/5MBGhz4PyBgXKEHezjT6NPkYOerbzHqkfA==",
        "dependencies": {
          "Silk.NET.Core": "2.20.0",
          "Ultz.Native.GLFW": "3.3.9.2"
        }
      },
      "Silk.NET.Vulkan": {
        "type": "Direct",
        "requested": "[2.20.0, )",
        "resolved": "2.20.0",
        "contentHash": "Hoz78z0GqajqeO//n7oM/qRJcqYFDPULkbLVO/Lp99rEQCUPR8cTsiY6JE6bO24eFB81kO9pZC/tjQE/9rpNMA==",
        "dependencies": {
          "Silk.NET.Core": "2.20.0"
        }
      },
      "Silk.NET.Vulkan.Extensions.EXT": {
        "type": "Direct",
        "requested": "[2.20.0, )",
        "resolved": "2.20.0",
        "contentHash": "Xs4DyHf8nT16NgtPj4SBS4XKbCx0EDXP5u8q94AMqZYlN2jEMRth4X8Byuuk40gBVZ2lfFTofrGPro0b9q6C/w==",
        "dependencies": {
          "Silk.NET.Core": "2.20.0",
          "Silk.NET.Vulkan": "2.20.0"
        }
      },
      "Silk.NET.Vulkan.Extensions.KHR": {
        "type": "Direct",
        "requested": "[2.20.0, )",
        "resolved": "2.20.0",
        "contentHash": "OFMFzNTyqoF95c8GPaQOaUvI0fo2fwYbBXKpx/kOEsT7Yz9vYBzir+0mx70EtCezg7aLUcMnuzyy2FMPWtvy0g==",
        "dependencies": {
          "Silk.NET.Core": "2.20.0",
          "Silk.NET.Vulkan": "2.20.0"
        }
      },
      "SpirvReflector": {
        "type": "Direct",
        "requested": "[0.2.5, )",
        "resolved": "0.2.5",
        "contentHash": "QEUXMV6MemH0ewZgb1MwXhsiKSe3ALyK5MWmi/K4CiuDuADS9z/19VbGXY2OgzESuDD+ZAvWzXj08bfWCLwODg==",
        "dependencies": {
          "Newtonsoft.Json": "13.0.3"
        }
      },
      "Magick.NET-Q8-AnyCPU": {
        "type": "Transitive",
        "resolved": "13.6.0",
        "contentHash": "taHH/6j9r9E7lO+Vy+nuH3HprAUK429PPcqTH6DakwKrgrcGNY4pdnOSSs5jErQgIkVC0ANwR+nRz2iLllJF9A==",
        "dependencies": {
          "Magick.NET.Core": "13.6.0"
        }
      },
      "Magick.NET.Core": {
        "type": "Transitive",
        "resolved": "13.6.0",
        "contentHash": "VHW7fxIM/5z0m7pm6XXkAqTTCg6DlvVyn6MS/DhJ1bwY9v8W27AdhYDWOLns2P9zkD0WR72YAXPlcVbbIBVW6A=="
      },
      "Microsoft.CSharp": {
        "type": "Transitive",
        "resolved": "4.7.0",
        "contentHash": "pTj+D3uJWyN3My70i2Hqo+OXixq3Os2D1nJ2x92FFo6sk8fYS1m1WLNTs0Dc1uPaViH0YvEEwvzddQ7y4rhXmA=="
      },
      "Microsoft.DotNet.PlatformAbstractions": {
        "type": "Transitive",
        "resolved": "3.1.6",
        "contentHash": "jek4XYaQ/PGUwDKKhwR8K47Uh1189PFzMeLqO83mXrXQVIpARZCcfuDedH50YDTepBkfijCZN5U/vZi++erxtg=="
      },
      "Microsoft.Extensions.DependencyModel": {
        "type": "Transitive",
        "resolved": "8.0.0",
        "contentHash": "NSmDw3K0ozNDgShSIpsZcbFIzBX4w28nDag+TfaQujkXGazBm+lid5onlWoCBy4VsLxqnnKjEBbGSJVWJMf43g==",
        "dependencies": {
          "System.Text.Encodings.Web": "8.0.0",
          "System.Text.Json": "8.0.0"
        }
      },
      "Newtonsoft.Json": {
        "type": "Transitive",
        "resolved": "13.0.3",
        "contentHash": "HrC5BXdl00IP9zeV+0Z848QWPAoCr9P3bDEZguI+gkLcBKAOxix/tLEAAHC+UvDNPv4a2d18lOReHMOagPa+zQ=="
      },
      "Silk.NET.Core": {
        "type": "Transitive",
        "resolved": "2.20.0",
        "contentHash": "vin8fW0bUBD3hDbN3s3br+ePtAzzdOCygslGfb7JR86ZKVQ/fAsgLcKQLDbNjZAn020F4eUEg/UNEZqpBwhOcg==",
        "dependencies": {
          "Microsoft.CSharp": "4.7.0",
          "Microsoft.DotNet.PlatformAbstractions": "3.1.6",
          "Microsoft.Extensions.DependencyModel": "8.0.0",
          "System.Memory": "4.5.5",
          "System.Numerics.Vectors": "4.5.0",
          "System.Runtime.CompilerServices.Unsafe": "6.0.0"
        }
      },
      "Silk.NET.Direct3D.Compilers": {
        "type": "Transitive",
        "resolved": "2.20.0",
        "contentHash": "vFZOfsDOVVAkQuN6/b8TWig/Ax9Af06g4wShMsZ0Oh9R3vq/6F7FH9QrJ5tu44pt5k2q9Bw5vO4p1a/jD2ANdg==",
        "dependencies": {
          "Silk.NET.Core": "2.20.0"
        }
      },
      "System.Memory": {
        "type": "Transitive",
        "resolved": "4.5.5",
        "contentHash": "XIWiDvKPXaTveaB7HVganDlOCRoj03l+jrwNvcge/t8vhGYKvqV+dMv6G4SAX2NoNmN0wZfVPTAlFwZcZvVOUw=="
      },
      "System.Numerics.Vectors": {
        "type": "Transitive",
        "resolved": "4.5.0",
        "contentHash": "QQTlPTl06J/iiDbJCiepZ4H//BVraReU4O4EoRw1U02H5TLUIT7xn3GnDp9AXPSlJUDyFs4uWjWafNX6WrAojQ=="
      },
      "System.Runtime.CompilerServices.Unsafe": {
        "type": "Transitive",
        "resolved": "6.0.0",
        "contentHash": "/iUeP3tq1S0XdNNoMz5C9twLSrM/TH+qElHkXWaPvuNOt+99G75NrV0OS2EqHx5wMN7popYjpc8oTjC1y16DLg=="
      },
      "System.Text.Encodings.Web": {
        "type": "Transitive",
        "resolved": "8.0.0",
        "contentHash": "yev/k9GHAEGx2Rg3/tU6MQh4HGBXJs70y7j1LaM1i/ER9po+6nnQ6RRqTJn1E7Xu0fbIFK80Nh5EoODxrbxwBQ=="
      },
      "System.Text.Json": {
        "type": "Transitive",
        "resolved": "8.0.0",
        "contentHash": "OdrZO2WjkiEG6ajEFRABTRCi/wuXQPxeV6g8xvUJqdxMvvuCCEk86zPla8UiIQJz3durtUEbNyY/3lIhS0yZvQ==",
        "dependencies": {
          "System.Text.Encodings.Web": "8.0.0"
        }
      },
      "Ultz.Native.GLFW": {
        "type": "Transitive",
        "resolved": "3.3.9.2",
        "contentHash": "4b7gJEfMZcw207CZkFV3VUBagmHlX9jYVkk1mrzacnAOgr90JoZSILTEFPc5lz5LT7yFKxQnsnqqIsFnVO7k/Q=="
      },
      "molten.engine": {
        "type": "Project",
        "dependencies": {
          "Magick.NET-Q8-AnyCPU": "[13.6.0, )",
          "Molten.Math": "[0.8.0, )",
          "Molten.Utility": "[0.8.0, )",
          "Newtonsoft.Json": "[13.0.3, )"
        }
      },
      "molten.graphics.dxc": {
        "type": "Project",
        "dependencies": {
          "Molten.Engine": "[0.8.0, )",
          "Molten.Math": "[0.8.0, )",
          "Molten.Utility": "[0.8.0, )",
          "Silk.NET.Direct3D.Compilers": "[2.20.0, )"
        }
      },
      "molten.math": {
        "type": "Project"
      },
      "molten.utility": {
        "type": "Project",
        "dependencies": {
          "Silk.NET.Core": "[2.20.0, )"
        }
      }
    }
  }
}