{
  "version": 1,
  "dependencies": {
    "net8.0": {
      "Silk.NET.GLFW": {
        "type": "Direct",
        "requested": "[2.19.0, )",
        "resolved": "2.19.0",
        "contentHash": "7lOsEuW9FI2SthE923/NS8w7PNP6u8X4i/iI7eZLbzcXnZb7pCYNn7tyjm+0NTTzKvWDYT8r7aiIff/MIz7XwA==",
        "dependencies": {
          "Silk.NET.Core": "2.19.0",
          "Ultz.Native.GLFW": "3.3.9.2"
        }
      },
      "Silk.NET.Vulkan": {
        "type": "Direct",
        "requested": "[2.19.0, )",
        "resolved": "2.19.0",
        "contentHash": "VO4voZpIHPTlHTP0gLHm1MLA/Zpr6Yq+NuhEC0TLs6C1WqwwrcZD9W0Zso6NfQmzJTut6VoJEF9XJYoCJ7FwsA==",
        "dependencies": {
          "Silk.NET.Core": "2.19.0"
        }
      },
      "Silk.NET.Vulkan.Extensions.EXT": {
        "type": "Direct",
        "requested": "[2.19.0, )",
        "resolved": "2.19.0",
        "contentHash": "X1ByH9JeTbwC8RJlrD5FReW89rdZoDYP5dgGLpVRShJDjP8wP2/4R1oCvTZZIn+8Q+/CkwN0h1IvT9zPrt9F3Q==",
        "dependencies": {
          "Silk.NET.Core": "2.19.0",
          "Silk.NET.Vulkan": "2.19.0"
        }
      },
      "Silk.NET.Vulkan.Extensions.KHR": {
        "type": "Direct",
        "requested": "[2.19.0, )",
        "resolved": "2.19.0",
        "contentHash": "/sy/SrWtZBTx0WTBROmuCi+Zsla3k4IXiytbZvtjOa7C4FF7WaD22L5U6TQ4JcANTI8NMiu0XfljdgXwysY0Sw==",
        "dependencies": {
          "Silk.NET.Core": "2.19.0",
          "Silk.NET.Vulkan": "2.19.0"
        }
      },
      "SpirvReflector": {
        "type": "Direct",
        "requested": "[0.2.5, )",
        "resolved": "0.2.5",
        "contentHash": "QEUXMV6MemH0ewZgb1MwXhsiKSe3ALyK5MWmi/K4CiuDuADS9z/19VbGXY2OgzESuDD+ZAvWzXj08bfWCLwODg==",
        "dependencies": {
          "Newtonsoft.Json": "13.0.3"
        }
      },
      "Magick.NET-Q8-AnyCPU": {
        "type": "Transitive",
        "resolved": "13.5.0",
        "contentHash": "sligcmLf6Re91Z8XO15HbTADc9GZbZmJK+0jpm8lK+x3IVb2nIAUy4mmBzstADeIIkN5FShC7V/Ij4mygogxSg==",
        "dependencies": {
          "Magick.NET.Core": "13.5.0"
        }
      },
      "Magick.NET.Core": {
        "type": "Transitive",
        "resolved": "13.5.0",
        "contentHash": "/jKqfhbLvaVqxsV+DkOA5TjfrbO/Q3LdN3OL/xuewdC2EVBN4pTnAekAetn3CsbHOolfvc1xQLxY0MUN3nfwsg=="
      },
      "Microsoft.CSharp": {
        "type": "Transitive",
        "resolved": "4.7.0",
        "contentHash": "pTj+D3uJWyN3My70i2Hqo+OXixq3Os2D1nJ2x92FFo6sk8fYS1m1WLNTs0Dc1uPaViH0YvEEwvzddQ7y4rhXmA=="
      },
      "Microsoft.DotNet.PlatformAbstractions": {
        "type": "Transitive",
        "resolved": "3.1.6",
        "contentHash": "jek4XYaQ/PGUwDKKhwR8K47Uh1189PFzMeLqO83mXrXQVIpARZCcfuDedH50YDTepBkfijCZN5U/vZi++erxtg=="
      },
      "Microsoft.Extensions.DependencyModel": {
        "type": "Transitive",
        "resolved": "7.0.0",
        "contentHash": "oONNYd71J3LzkWc4fUHl3SvMfiQMYUCo/mDHDEu76hYYxdhdrPYv6fvGv9nnKVyhE9P0h20AU8RZB5OOWQcAXg==",
        "dependencies": {
          "System.Text.Encodings.Web": "7.0.0",
          "System.Text.Json": "7.0.0"
        }
      },
      "Newtonsoft.Json": {
        "type": "Transitive",
        "resolved": "13.0.3",
        "contentHash": "HrC5BXdl00IP9zeV+0Z848QWPAoCr9P3bDEZguI+gkLcBKAOxix/tLEAAHC+UvDNPv4a2d18lOReHMOagPa+zQ=="
      },
      "Silk.NET.Core": {
        "type": "Transitive",
        "resolved": "2.19.0",
        "contentHash": "FzazO3BrG9SJRfwC5xn3TejRcabro6Mm1D/+QcqdL95/wfTRcJ47g2Q8U6vI1c4piPQ+zSLHJ7Y3W+p8cQWclQ==",
        "dependencies": {
          "Microsoft.CSharp": "4.7.0",
          "Microsoft.DotNet.PlatformAbstractions": "3.1.6",
          "Microsoft.Extensions.DependencyModel": "7.0.0",
          "System.Memory": "4.5.5",
          "System.Numerics.Vectors": "4.5.0",
          "System.Runtime.CompilerServices.Unsafe": "6.0.0"
        }
      },
      "Silk.NET.Direct3D.Compilers": {
        "type": "Transitive",
        "resolved": "2.19.0",
        "contentHash": "udNlu+NZgDm3XRWd+ddfmkdJFwO02RPipdUpUOVX9sk9OLA6IFdssstE73v1r2pbSqPZaJs6IDHKML+b35yo6A==",
        "dependencies": {
          "Silk.NET.Core": "2.19.0"
        }
      },
      "System.Memory": {
        "type": "Transitive",
        "resolved": "4.5.5",
        "contentHash": "XIWiDvKPXaTveaB7HVganDlOCRoj03l+jrwNvcge/t8vhGYKvqV+dMv6G4SAX2NoNmN0wZfVPTAlFwZcZvVOUw=="
      },
      "System.Numerics.Vectors": {
        "type": "Transitive",
        "resolved": "4.5.0",
        "contentHash": "QQTlPTl06J/iiDbJCiepZ4H//BVraReU4O4EoRw1U02H5TLUIT7xn3GnDp9AXPSlJUDyFs4uWjWafNX6WrAojQ=="
      },
      "System.Runtime.CompilerServices.Unsafe": {
        "type": "Transitive",
        "resolved": "6.0.0",
        "contentHash": "/iUeP3tq1S0XdNNoMz5C9twLSrM/TH+qElHkXWaPvuNOt+99G75NrV0OS2EqHx5wMN7popYjpc8oTjC1y16DLg=="
      },
      "System.Text.Encodings.Web": {
        "type": "Transitive",
        "resolved": "7.0.0",
        "contentHash": "OP6umVGxc0Z0MvZQBVigj4/U31Pw72ITihDWP9WiWDm+q5aoe0GaJivsfYGq53o6dxH7DcXWiCTl7+0o2CGdmg=="
      },
      "System.Text.Json": {
        "type": "Transitive",
        "resolved": "7.0.0",
        "contentHash": "DaGSsVqKsn/ia6RG8frjwmJonfos0srquhw09TlT8KRw5I43E+4gs+/bZj4K0vShJ5H9imCuXupb4RmS+dBy3w==",
        "dependencies": {
          "System.Text.Encodings.Web": "7.0.0"
        }
      },
      "Ultz.Native.GLFW": {
        "type": "Transitive",
        "resolved": "3.3.9.2",
        "contentHash": "4b7gJEfMZcw207CZkFV3VUBagmHlX9jYVkk1mrzacnAOgr90JoZSILTEFPc5lz5LT7yFKxQnsnqqIsFnVO7k/Q=="
      },
      "molten.engine": {
        "type": "Project",
        "dependencies": {
          "Magick.NET-Q8-AnyCPU": "[13.5.0, )",
          "Molten.Font": "[0.7.1, )",
          "Molten.IO": "[0.7.1, )",
          "Molten.Math": "[0.7.1, )",
          "Molten.Utility": "[0.7.1, )",
          "Newtonsoft.Json": "[13.0.3, )"
        }
      },
      "molten.font": {
        "type": "Project",
        "dependencies": {
          "Molten.IO": "[0.7.1, )",
          "Molten.Math": "[0.7.1, )",
          "Molten.Utility": "[0.7.1, )"
        }
      },
      "molten.graphics.dxc": {
        "type": "Project",
        "dependencies": {
          "Molten.Engine": "[0.7.1, )",
          "Molten.Math": "[0.7.1, )",
          "Molten.Utility": "[0.7.1, )",
          "Silk.NET.Direct3D.Compilers": "[2.19.0, )"
        }
      },
      "molten.io": {
        "type": "Project",
        "dependencies": {
          "Molten.Math": "[0.7.1, )",
          "Molten.Utility": "[0.7.1, )"
        }
      },
      "molten.math": {
        "type": "Project"
      },
      "molten.utility": {
        "type": "Project",
        "dependencies": {
          "Silk.NET.Core": "[2.19.0, )"
        }
      }
    }
  }
}