{
  "version": 1,
  "dependencies": {
    "net8.0-windows7.0": {
      "Silk.NET.Direct3D.Compilers": {
        "type": "Direct",
        "requested": "[2.20.0, )",
        "resolved": "2.20.0",
        "contentHash": "vFZOfsDOVVAkQuN6/b8TWig/Ax9Af06g4wShMsZ0Oh9R3vq/6F7FH9QrJ5tu44pt5k2q9Bw5vO4p1a/jD2ANdg==",
        "dependencies": {
          "Silk.NET.Core": "2.20.0"
        }
      },
      "Silk.NET.Direct3D12": {
        "type": "Direct",
        "requested": "[2.20.0, )",
        "resolved": "2.20.0",
        "contentHash": "7EoDrskijbzLON6qTNQRpM0fnILDWksdSfLs9kZKUfQOTXWDLi75o7DO3GiOKU7wdK1qVDfFbOtbbXpV1kFRXA==",
        "dependencies": {
          "Silk.NET.Core": "2.20.0",
          "Silk.NET.DXGI": "2.20.0"
        }
      },
      "Magick.NET-Q8-AnyCPU": {
        "type": "Transitive",
        "resolved": "13.5.0",
        "contentHash": "sligcmLf6Re91Z8XO15HbTADc9GZbZmJK+0jpm8lK+x3IVb2nIAUy4mmBzstADeIIkN5FShC7V/Ij4mygogxSg==",
        "dependencies": {
          "Magick.NET.Core": "13.5.0"
        }
      },
      "Magick.NET.Core": {
        "type": "Transitive",
        "resolved": "13.5.0",
        "contentHash": "/jKqfhbLvaVqxsV+DkOA5TjfrbO/Q3LdN3OL/xuewdC2EVBN4pTnAekAetn3CsbHOolfvc1xQLxY0MUN3nfwsg=="
      },
      "Microsoft.CSharp": {
        "type": "Transitive",
        "resolved": "4.7.0",
        "contentHash": "pTj+D3uJWyN3My70i2Hqo+OXixq3Os2D1nJ2x92FFo6sk8fYS1m1WLNTs0Dc1uPaViH0YvEEwvzddQ7y4rhXmA=="
      },
      "Microsoft.DotNet.PlatformAbstractions": {
        "type": "Transitive",
        "resolved": "3.1.6",
        "contentHash": "jek4XYaQ/PGUwDKKhwR8K47Uh1189PFzMeLqO83mXrXQVIpARZCcfuDedH50YDTepBkfijCZN5U/vZi++erxtg=="
      },
      "Microsoft.Extensions.DependencyModel": {
        "type": "Transitive",
        "resolved": "8.0.0",
        "contentHash": "NSmDw3K0ozNDgShSIpsZcbFIzBX4w28nDag+TfaQujkXGazBm+lid5onlWoCBy4VsLxqnnKjEBbGSJVWJMf43g==",
        "dependencies": {
          "System.Text.Encodings.Web": "8.0.0",
          "System.Text.Json": "8.0.0"
        }
      },
      "Newtonsoft.Json": {
        "type": "Transitive",
        "resolved": "13.0.3",
        "contentHash": "HrC5BXdl00IP9zeV+0Z848QWPAoCr9P3bDEZguI+gkLcBKAOxix/tLEAAHC+UvDNPv4a2d18lOReHMOagPa+zQ=="
      },
      "Silk.NET.Core": {
        "type": "Transitive",
        "resolved": "2.20.0",
        "contentHash": "vin8fW0bUBD3hDbN3s3br+ePtAzzdOCygslGfb7JR86ZKVQ/fAsgLcKQLDbNjZAn020F4eUEg/UNEZqpBwhOcg==",
        "dependencies": {
          "Microsoft.CSharp": "4.7.0",
          "Microsoft.DotNet.PlatformAbstractions": "3.1.6",
          "Microsoft.Extensions.DependencyModel": "8.0.0",
          "System.Memory": "4.5.5",
          "System.Numerics.Vectors": "4.5.0",
          "System.Runtime.CompilerServices.Unsafe": "6.0.0"
        }
      },
      "Silk.NET.DXGI": {
        "type": "Transitive",
        "resolved": "2.20.0",
        "contentHash": "6PRDCcYQvChW/DjW1SnWR9RlcpIIW1eenccK/QDCeGf+nG5J5RMydKjXVStisfEVZZoujJa+hEFT+GZNFmzv+A==",
        "dependencies": {
          "Silk.NET.Core": "2.20.0",
          "Silk.NET.Maths": "2.20.0"
        }
      },
      "Silk.NET.Maths": {
        "type": "Transitive",
        "resolved": "2.20.0",
        "contentHash": "m9QxEPE6Y/m7AXTTKBbuy53Proi8k+HlvYa5x/UKbhcAbursIFFOJS8tVfCpRdZ3QGTfKBFlfifzJhByal8Vjw=="
      },
      "Silk.NET.XInput": {
        "type": "Transitive",
        "resolved": "2.20.0",
        "contentHash": "bpYs2t4RkYqg4mv9Uz8+gMdspGnChCOD5pG+FydvKey3Lbfo9MCla18iHjkDJB0HWTOTjmUGRSeAbdUEjntA7w==",
        "dependencies": {
          "Silk.NET.Core": "2.20.0"
        }
      },
      "System.CodeDom": {
        "type": "Transitive",
        "resolved": "8.0.0",
        "contentHash": "WTlRjL6KWIMr/pAaq3rYqh0TJlzpouaQ/W1eelssHgtlwHAH25jXTkUphTYx9HaIIf7XA6qs/0+YhtLEQRkJ+Q=="
      },
      "System.Management": {
        "type": "Transitive",
        "resolved": "8.0.0",
        "contentHash": "jrK22i5LRzxZCfGb+tGmke2VH7oE0DvcDlJ1HAKYU8cPmD8XnpUT0bYn2Gy98GEhGjtfbR/sxKTVb+dE770pfA==",
        "dependencies": {
          "System.CodeDom": "8.0.0"
        }
      },
      "System.Memory": {
        "type": "Transitive",
        "resolved": "4.5.5",
        "contentHash": "XIWiDvKPXaTveaB7HVganDlOCRoj03l+jrwNvcge/t8vhGYKvqV+dMv6G4SAX2NoNmN0wZfVPTAlFwZcZvVOUw=="
      },
      "System.Numerics.Vectors": {
        "type": "Transitive",
        "resolved": "4.5.0",
        "contentHash": "QQTlPTl06J/iiDbJCiepZ4H//BVraReU4O4EoRw1U02H5TLUIT7xn3GnDp9AXPSlJUDyFs4uWjWafNX6WrAojQ=="
      },
      "System.Runtime.CompilerServices.Unsafe": {
        "type": "Transitive",
        "resolved": "6.0.0",
        "contentHash": "/iUeP3tq1S0XdNNoMz5C9twLSrM/TH+qElHkXWaPvuNOt+99G75NrV0OS2EqHx5wMN7popYjpc8oTjC1y16DLg=="
      },
      "System.Text.Encodings.Web": {
        "type": "Transitive",
        "resolved": "8.0.0",
        "contentHash": "yev/k9GHAEGx2Rg3/tU6MQh4HGBXJs70y7j1LaM1i/ER9po+6nnQ6RRqTJn1E7Xu0fbIFK80Nh5EoODxrbxwBQ=="
      },
      "System.Text.Json": {
        "type": "Transitive",
        "resolved": "8.0.0",
        "contentHash": "OdrZO2WjkiEG6ajEFRABTRCi/wuXQPxeV6g8xvUJqdxMvvuCCEk86zPla8UiIQJz3durtUEbNyY/3lIhS0yZvQ==",
        "dependencies": {
          "System.Text.Encodings.Web": "8.0.0"
        }
      },
      "molten.engine": {
        "type": "Project",
        "dependencies": {
          "Magick.NET-Q8-AnyCPU": "[13.5.0, )",
          "Molten.Math": "[0.8.0, )",
          "Molten.Utility": "[0.8.0, )",
          "Newtonsoft.Json": "[13.0.3, )"
        }
      },
      "molten.engine.windows": {
        "type": "Project",
        "dependencies": {
          "Molten.Engine": "[0.8.0, )",
          "Molten.Math": "[0.8.0, )",
          "Molten.Utility": "[0.8.0, )",
          "Silk.NET.XInput": "[2.20.0, )",
          "System.Management": "[8.0.0, )"
        }
      },
      "molten.graphics.dxc": {
        "type": "Project",
        "dependencies": {
          "Molten.Engine": "[0.8.0, )",
          "Molten.Math": "[0.8.0, )",
          "Molten.Utility": "[0.8.0, )",
          "Silk.NET.Direct3D.Compilers": "[2.20.0, )"
        }
      },
      "molten.graphics.dxgi": {
        "type": "Project",
        "dependencies": {
          "Molten.Engine": "[0.8.0, )",
          "Molten.Engine.Windows": "[0.8.0, )",
          "Molten.Math": "[0.8.0, )",
          "Molten.Utility": "[0.8.0, )",
          "Silk.NET.DXGI": "[2.20.0, )"
        }
      },
      "molten.math": {
        "type": "Project"
      },
      "molten.utility": {
        "type": "Project",
        "dependencies": {
          "Silk.NET.Core": "[2.20.0, )"
        }
      }
    }
  }
}